Microsoft Visual Studio Solution File, Format Version 12.00
# Visual Studio Version 17
VisualStudioVersion = 17.5.2.0
MinimumVisualStudioVersion = 10.0.40219.1
Project("{FAE04EC0-301F-11D3-BF4B-00C04F79EFBC}") = "DotNetAPI", "DotNetAPI.csproj", "{B454B375-067A-458F-F409-41EA29C7DBDF}"
EndProject
Global
	GlobalSection(SolutionConfigurationPlatforms) = preSolution
		Debug|Any CPU = Debug|Any CPU
		Release|Any CPU = Release|Any CPU
	EndGlobalSection
	GlobalSection(ProjectConfigurationPlatforms) = postSolution
		{B454B375-067A-458F-F409-41EA29C7DBDF}.Debug|Any CPU.ActiveCfg = Debug|Any CPU
		{B454B375-067A-458F-F409-41EA29C7DBDF}.Debug|Any CPU.Build.0 = Debug|Any CPU
		{B454B375-067A-458F-F409-41EA29C7DBDF}.Release|Any CPU.ActiveCfg = Release|Any CPU
		{B454B375-067A-458F-F409-41EA29C7DBDF}.Release|Any CPU.Build.0 = Release|Any CPU
	EndGlobalSection
	GlobalSection(SolutionProperties) = preSolution
		HideSolutionNode = FALSE
	EndGlobalSection
	GlobalSection(ExtensibilityGlobals) = postSolution
		SolutionGuid = {7566D736-5630-4A01-8845-216EB9D2A4DD}
	EndGlobalSection
EndGlobal
