
Microsoft Visual Studio Solution File, Format Version 12.00
# Visual Studio Version 17
VisualStudioVersion = 17.0.31903.59
MinimumVisualStudioVersion = 10.0.40219.1
Project("{2150E333-8FDC-42A3-9474-1A3956D46DE8}") = "PracticeCode", "PracticeCode", "{CBB67373-7255-0830-2224-0485D8E32BCB}"
EndProject
Project("{2150E333-8FDC-42A3-9474-1A3956D46DE8}") = "1-CSBasic", "1-CSBasic", "{9DBB0D62-E3AF-D023-89B5-3F2C5F6723C8}"
EndProject
Project("{FAE04EC0-301F-11D3-BF4B-00C04F79EFBC}") = "HelloWorld", "PracticeCode\1-CSBasic\HelloWorld\HelloWorld.csproj", "{17EB6D0E-0B48-423E-B68B-85A606294313}"
EndProject
Project("{FAE04EC0-301F-11D3-BF4B-00C04F79EFBC}") = "DataType", "PracticeCode\1-CSBasic\DataType\DataType.csproj", "{1BD6675F-A0A6-4EB1-AAE8-43A931248AE4}"
EndProject
Project("{FAE04EC0-301F-11D3-BF4B-00C04F79EFBC}") = "DataStructure", "PracticeCode\1-CSBasic\DataStructure\DataStructure.csproj", "{42A52ABC-5FE6-40DD-90F3-40E8E3A4C871}"
EndProject
Project("{FAE04EC0-301F-11D3-BF4B-00C04F79EFBC}") = "OperatorsConditionals", "PracticeCode\1-CSBasic\OperatorsConditionals\OperatorsConditionals.csproj", "{9837B4A3-94D5-4D24-A299-E34E1EAA9200}"
EndProject
Project("{FAE04EC0-301F-11D3-BF4B-00C04F79EFBC}") = "Loop", "PracticeCode\1-CSBasic\Loop\Loop.csproj", "{6A03C483-D9AC-475A-B83D-B96A3FD07236}"
EndProject
Project("{FAE04EC0-301F-11D3-BF4B-00C04F79EFBC}") = "Method", "PracticeCode\1-CSBasic\Method\Method.csproj", "{7EFA610B-DAA3-4970-9117-0D5AAC229102}"
EndProject
Project("{2150E333-8FDC-42A3-9474-1A3956D46DE8}") = "2-CSIntermediate", "2-CSIntermediate", "{C86752A2-C510-1F68-2BF3-0DC9B4D1CF94}"
EndProject
Project("{FAE04EC0-301F-11D3-BF4B-00C04F79EFBC}") = "Models", "PracticeCode\2-CSIntermediate\Models\Models.csproj", "{4CC5590B-9D06-4EC3-B3D2-3AEB42727880}"
EndProject
Project("{FAE04EC0-301F-11D3-BF4B-00C04F79EFBC}") = "EFramework", "PracticeCode\2-CSIntermediate\EFramework\EFramework.csproj", "{AA7809C8-DD5A-477F-A56D-7F6DFB01F631}"
EndProject
Project("{FAE04EC0-301F-11D3-BF4B-00C04F79EFBC}") = "DapperExample", "PracticeCode\2-CSIntermediate\DapperExample\DapperExample.csproj", "{475CBD2B-21D4-4987-9199-A0EE99A3A2E1}"
EndProject
Project("{FAE04EC0-301F-11D3-BF4B-00C04F79EFBC}") = "ConfigExample", "PracticeCode\2-CSIntermediate\ConfigExample\ConfigExample.csproj", "{D1C538C2-A61B-49A4-BCF3-6E9B3396C5F2}"
EndProject
Project("{FAE04EC0-301F-11D3-BF4B-00C04F79EFBC}") = "FileRWExample", "PracticeCode\2-CSIntermediate\FileRWExample\FileRWExample.csproj", "{382297EA-CAA1-4BB5-80A0-67DC39F0E3FA}"
EndProject
Project("{FAE04EC0-301F-11D3-BF4B-00C04F79EFBC}") = "JsonExample", "PracticeCode\2-CSIntermediate\JsonExample\JsonExample.csproj", "{D73AE2E0-4C30-4CE8-8503-D0045FBB9FCD}"
EndProject
Project("{FAE04EC0-301F-11D3-BF4B-00C04F79EFBC}") = "ModelMap", "PracticeCode\2-CSIntermediate\ModelMap\ModelMap.csproj", "{0C787D06-A81F-416B-97EA-E57289C4207D}"
EndProject
Project("{FAE04EC0-301F-11D3-BF4B-00C04F79EFBC}") = "AsyncExample", "PracticeCode\2-CSIntermediate\AsyncExample\AsyncExample.csproj", "{C145254E-8908-4A81-8B11-6E669683A3C6}"
EndProject
Project("{2150E333-8FDC-42A3-9474-1A3956D46DE8}") = "5-APIBasic", "5-APIBasic", "{E846388B-249F-EB8A-9FAA-6694658589FF}"
EndProject
Project("{2150E333-8FDC-42A3-9474-1A3956D46DE8}") = "1-DotNetAPIBasic", "1-DotNetAPIBasic", "{5DBD5F23-13E6-AEFE-70C4-3A0AD51746E6}"
EndProject
Project("{FAE04EC0-301F-11D3-BF4B-00C04F79EFBC}") = "DotNetAPI", "PracticeCode\5-APIBasic\1-DotNetAPIBasic\DotNetAPI.csproj", "{48D97BA4-2A75-42A7-A74A-473E35239B06}"
EndProject
Project("{2150E333-8FDC-42A3-9474-1A3956D46DE8}") = "2-DotNetAPIController", "2-DotNetAPIController", "{8637C79D-F22F-5F77-DB5B-B136CFF83CB6}"
EndProject
Project("{FAE04EC0-301F-11D3-BF4B-00C04F79EFBC}") = "DotNetAPI", "PracticeCode\5-APIBasic\2-DotNetAPIController\DotNetAPI.csproj", "{7079762D-FD8A-433A-AB15-299477B878A9}"
EndProject
Project("{2150E333-8FDC-42A3-9474-1A3956D46DE8}") = "3-DotNetAPIUserController", "3-DotNetAPIUserController", "{E6762BFF-9F6D-F9FC-57E4-3B539D801FD8}"
EndProject
Project("{FAE04EC0-301F-11D3-BF4B-00C04F79EFBC}") = "DotNetAPI", "PracticeCode\5-APIBasic\3-DotNetAPIUserController\DotNetAPI.csproj", "{B20EA31B-0836-460E-9D6F-9716489137F5}"
EndProject
Project("{2150E333-8FDC-42A3-9474-1A3956D46DE8}") = "4-DotNetAPICors", "4-DotNetAPICors", "{9089A68C-9A00-623F-2B00-EC59EB7DD34E}"
EndProject
Project("{FAE04EC0-301F-11D3-BF4B-00C04F79EFBC}") = "DotNetAPI", "PracticeCode\5-APIBasic\4-DotNetAPICors\DotNetAPI.csproj", "{3AF73493-D9D1-44E2-A497-D263ED8E8BDF}"
EndProject
Project("{2150E333-8FDC-42A3-9474-1A3956D46DE8}") = "5-DotNetAPIDb", "5-DotNetAPIDb", "{B547F545-FBA0-A52D-2501-03CAFF93A5EC}"
EndProject
Project("{FAE04EC0-301F-11D3-BF4B-00C04F79EFBC}") = "DotNetAPI", "PracticeCode\5-APIBasic\5-DotNetAPIDb\DotNetAPI.csproj", "{82431F50-4BA2-4AC6-A88C-710DC1BE6A4D}"
EndProject
Project("{2150E333-8FDC-42A3-9474-1A3956D46DE8}") = "6-DotNetAPIUser", "6-DotNetAPIUser", "{FC4E4B44-433D-9BAE-C147-021BD3918CD7}"
EndProject
Project("{FAE04EC0-301F-11D3-BF4B-00C04F79EFBC}") = "DotNetAPI", "PracticeCode\5-APIBasic\6-DotNetAPIUser\DotNetAPI.csproj", "{6B015F4E-08FB-410C-AFBF-7FAA85FCFE36}"
EndProject
Project("{2150E333-8FDC-42A3-9474-1A3956D46DE8}") = "7-DotNetAPIEFramework", "7-DotNetAPIEFramework", "{FFA5FA0E-5DEA-6E17-57C4-63731DCAE5D2}"
EndProject
Project("{FAE04EC0-301F-11D3-BF4B-00C04F79EFBC}") = "DotNetAPI", "PracticeCode\5-APIBasic\7-DotNetAPIEFramework\DotNetAPI.csproj", "{071E324E-C24D-42CC-9EC7-C2BEABCF8C29}"
EndProject
Project("{2150E333-8FDC-42A3-9474-1A3956D46DE8}") = "8-DotNetAPIAutoMapper", "8-DotNetAPIAutoMapper", "{73CCA1DD-98A8-C616-737C-903444415949}"
EndProject
Project("{FAE04EC0-301F-11D3-BF4B-00C04F79EFBC}") = "DotNetAPI", "PracticeCode\5-APIBasic\8-DotNetAPIAutoMapper\DotNetAPI.csproj", "{05BE3AAC-8372-42EB-86DE-D655178A5798}"
EndProject
Project("{2150E333-8FDC-42A3-9474-1A3956D46DE8}") = "DotNetAPIAssignment", "DotNetAPIAssignment", "{DC0900A2-781A-A2DE-390A-89DC97A7303A}"
EndProject
Project("{FAE04EC0-301F-11D3-BF4B-00C04F79EFBC}") = "DotNetAPI", "PracticeCode\5-APIBasic\DotNetAPIAssignment\DotNetAPI.csproj", "{294B9B80-B48D-4EA9-857F-B727B322B036}"
EndProject
Project("{2150E333-8FDC-42A3-9474-1A3956D46DE8}") = "6-APIIntermediate", "6-APIIntermediate", "{B5A0B16C-8D3E-88BC-D9D9-3360FF992E36}"
EndProject
Project("{FAE04EC0-301F-11D3-BF4B-00C04F79EFBC}") = "DotNetAPI", "PracticeCode\6-APIIntermediate\DotNetAPI\DotNetAPI.csproj", "{A9BB86AE-CA57-47A5-8E53-1F39FCDA3706}"
EndProject
Project("{2150E333-8FDC-42A3-9474-1A3956D46DE8}") = "1-DotNetAPIPattern", "1-DotNetAPIPattern", "{FCA91C2B-0B4D-5F64-2C1E-F12AC63DFF1C}"
EndProject
Project("{FAE04EC0-301F-11D3-BF4B-00C04F79EFBC}") = "DotNetAPI", "PracticeCode\6-APIIntermediate\1-DotNetAPIPattern\DotNetAPI.csproj", "{AC713E19-FFF0-4C8E-82D5-93DFB289D29A}"
EndProject
Project("{2150E333-8FDC-42A3-9474-1A3956D46DE8}") = "2-DotNetAPIPassword", "2-DotNetAPIPassword", "{C3176C1B-DF5F-5A99-3687-4B204A7407A5}"
EndProject
Project("{FAE04EC0-301F-11D3-BF4B-00C04F79EFBC}") = "DotNetAPI", "PracticeCode\6-APIIntermediate\2-DotNetAPIPassword\DotNetAPI.csproj", "{B7D27DF5-0DBB-4AB1-BF39-D8263FA88E55}"
EndProject
Project("{2150E333-8FDC-42A3-9474-1A3956D46DE8}") = "3-DotNetAPIRegInfo", "3-DotNetAPIRegInfo", "{35EA1F59-C923-837D-67A1-CBCB74BC9589}"
EndProject
Project("{FAE04EC0-301F-11D3-BF4B-00C04F79EFBC}") = "DotNetAPI", "PracticeCode\6-APIIntermediate\3-DotNetAPIRegInfo\DotNetAPI.csproj", "{95DBF258-FD0E-4C06-A04B-03CC3A64550A}"
EndProject
Project("{2150E333-8FDC-42A3-9474-1A3956D46DE8}") = "4-DotNetAPITokenCreation", "4-DotNetAPITokenCreation", "{2DF260AD-AC4D-FDDD-4D51-960EDF450456}"
EndProject
Project("{FAE04EC0-301F-11D3-BF4B-00C04F79EFBC}") = "DotNetAPI", "PracticeCode\6-APIIntermediate\4-DotNetAPITokenCreation\DotNetAPI.csproj", "{873A28B7-0204-47C3-B1B8-4A65E68A2B13}"
EndProject
Global
	GlobalSection(SolutionConfigurationPlatforms) = preSolution
		Debug|Any CPU = Debug|Any CPU
		Debug|x64 = Debug|x64
		Debug|x86 = Debug|x86
		Release|Any CPU = Release|Any CPU
		Release|x64 = Release|x64
		Release|x86 = Release|x86
	EndGlobalSection
	GlobalSection(ProjectConfigurationPlatforms) = postSolution
		{17EB6D0E-0B48-423E-B68B-85A606294313}.Debug|Any CPU.ActiveCfg = Debug|Any CPU
		{17EB6D0E-0B48-423E-B68B-85A606294313}.Debug|Any CPU.Build.0 = Debug|Any CPU
		{17EB6D0E-0B48-423E-B68B-85A606294313}.Debug|x64.ActiveCfg = Debug|Any CPU
		{17EB6D0E-0B48-423E-B68B-85A606294313}.Debug|x64.Build.0 = Debug|Any CPU
		{17EB6D0E-0B48-423E-B68B-85A606294313}.Debug|x86.ActiveCfg = Debug|Any CPU
		{17EB6D0E-0B48-423E-B68B-85A606294313}.Debug|x86.Build.0 = Debug|Any CPU
		{17EB6D0E-0B48-423E-B68B-85A606294313}.Release|Any CPU.ActiveCfg = Release|Any CPU
		{17EB6D0E-0B48-423E-B68B-85A606294313}.Release|Any CPU.Build.0 = Release|Any CPU
		{17EB6D0E-0B48-423E-B68B-85A606294313}.Release|x64.ActiveCfg = Release|Any CPU
		{17EB6D0E-0B48-423E-B68B-85A606294313}.Release|x64.Build.0 = Release|Any CPU
		{17EB6D0E-0B48-423E-B68B-85A606294313}.Release|x86.ActiveCfg = Release|Any CPU
		{17EB6D0E-0B48-423E-B68B-85A606294313}.Release|x86.Build.0 = Release|Any CPU
		{1BD6675F-A0A6-4EB1-AAE8-43A931248AE4}.Debug|Any CPU.ActiveCfg = Debug|Any CPU
		{1BD6675F-A0A6-4EB1-AAE8-43A931248AE4}.Debug|Any CPU.Build.0 = Debug|Any CPU
		{1BD6675F-A0A6-4EB1-AAE8-43A931248AE4}.Debug|x64.ActiveCfg = Debug|Any CPU
		{1BD6675F-A0A6-4EB1-AAE8-43A931248AE4}.Debug|x64.Build.0 = Debug|Any CPU
		{1BD6675F-A0A6-4EB1-AAE8-43A931248AE4}.Debug|x86.ActiveCfg = Debug|Any CPU
		{1BD6675F-A0A6-4EB1-AAE8-43A931248AE4}.Debug|x86.Build.0 = Debug|Any CPU
		{1BD6675F-A0A6-4EB1-AAE8-43A931248AE4}.Release|Any CPU.ActiveCfg = Release|Any CPU
		{1BD6675F-A0A6-4EB1-AAE8-43A931248AE4}.Release|Any CPU.Build.0 = Release|Any CPU
		{1BD6675F-A0A6-4EB1-AAE8-43A931248AE4}.Release|x64.ActiveCfg = Release|Any CPU
		{1BD6675F-A0A6-4EB1-AAE8-43A931248AE4}.Release|x64.Build.0 = Release|Any CPU
		{1BD6675F-A0A6-4EB1-AAE8-43A931248AE4}.Release|x86.ActiveCfg = Release|Any CPU
		{1BD6675F-A0A6-4EB1-AAE8-43A931248AE4}.Release|x86.Build.0 = Release|Any CPU
		{42A52ABC-5FE6-40DD-90F3-40E8E3A4C871}.Debug|Any CPU.ActiveCfg = Debug|Any CPU
		{42A52ABC-5FE6-40DD-90F3-40E8E3A4C871}.Debug|Any CPU.Build.0 = Debug|Any CPU
		{42A52ABC-5FE6-40DD-90F3-40E8E3A4C871}.Debug|x64.ActiveCfg = Debug|Any CPU
		{42A52ABC-5FE6-40DD-90F3-40E8E3A4C871}.Debug|x64.Build.0 = Debug|Any CPU
		{42A52ABC-5FE6-40DD-90F3-40E8E3A4C871}.Debug|x86.ActiveCfg = Debug|Any CPU
		{42A52ABC-5FE6-40DD-90F3-40E8E3A4C871}.Debug|x86.Build.0 = Debug|Any CPU
		{42A52ABC-5FE6-40DD-90F3-40E8E3A4C871}.Release|Any CPU.ActiveCfg = Release|Any CPU
		{42A52ABC-5FE6-40DD-90F3-40E8E3A4C871}.Release|Any CPU.Build.0 = Release|Any CPU
		{42A52ABC-5FE6-40DD-90F3-40E8E3A4C871}.Release|x64.ActiveCfg = Release|Any CPU
		{42A52ABC-5FE6-40DD-90F3-40E8E3A4C871}.Release|x64.Build.0 = Release|Any CPU
		{42A52ABC-5FE6-40DD-90F3-40E8E3A4C871}.Release|x86.ActiveCfg = Release|Any CPU
		{42A52ABC-5FE6-40DD-90F3-40E8E3A4C871}.Release|x86.Build.0 = Release|Any CPU
		{9837B4A3-94D5-4D24-A299-E34E1EAA9200}.Debug|Any CPU.ActiveCfg = Debug|Any CPU
		{9837B4A3-94D5-4D24-A299-E34E1EAA9200}.Debug|Any CPU.Build.0 = Debug|Any CPU
		{9837B4A3-94D5-4D24-A299-E34E1EAA9200}.Debug|x64.ActiveCfg = Debug|Any CPU
		{9837B4A3-94D5-4D24-A299-E34E1EAA9200}.Debug|x64.Build.0 = Debug|Any CPU
		{9837B4A3-94D5-4D24-A299-E34E1EAA9200}.Debug|x86.ActiveCfg = Debug|Any CPU
		{9837B4A3-94D5-4D24-A299-E34E1EAA9200}.Debug|x86.Build.0 = Debug|Any CPU
		{9837B4A3-94D5-4D24-A299-E34E1EAA9200}.Release|Any CPU.ActiveCfg = Release|Any CPU
		{9837B4A3-94D5-4D24-A299-E34E1EAA9200}.Release|Any CPU.Build.0 = Release|Any CPU
		{9837B4A3-94D5-4D24-A299-E34E1EAA9200}.Release|x64.ActiveCfg = Release|Any CPU
		{9837B4A3-94D5-4D24-A299-E34E1EAA9200}.Release|x64.Build.0 = Release|Any CPU
		{9837B4A3-94D5-4D24-A299-E34E1EAA9200}.Release|x86.ActiveCfg = Release|Any CPU
		{9837B4A3-94D5-4D24-A299-E34E1EAA9200}.Release|x86.Build.0 = Release|Any CPU
		{6A03C483-D9AC-475A-B83D-B96A3FD07236}.Debug|Any CPU.ActiveCfg = Debug|Any CPU
		{6A03C483-D9AC-475A-B83D-B96A3FD07236}.Debug|Any CPU.Build.0 = Debug|Any CPU
		{6A03C483-D9AC-475A-B83D-B96A3FD07236}.Debug|x64.ActiveCfg = Debug|Any CPU
		{6A03C483-D9AC-475A-B83D-B96A3FD07236}.Debug|x64.Build.0 = Debug|Any CPU
		{6A03C483-D9AC-475A-B83D-B96A3FD07236}.Debug|x86.ActiveCfg = Debug|Any CPU
		{6A03C483-D9AC-475A-B83D-B96A3FD07236}.Debug|x86.Build.0 = Debug|Any CPU
		{6A03C483-D9AC-475A-B83D-B96A3FD07236}.Release|Any CPU.ActiveCfg = Release|Any CPU
		{6A03C483-D9AC-475A-B83D-B96A3FD07236}.Release|Any CPU.Build.0 = Release|Any CPU
		{6A03C483-D9AC-475A-B83D-B96A3FD07236}.Release|x64.ActiveCfg = Release|Any CPU
		{6A03C483-D9AC-475A-B83D-B96A3FD07236}.Release|x64.Build.0 = Release|Any CPU
		{6A03C483-D9AC-475A-B83D-B96A3FD07236}.Release|x86.ActiveCfg = Release|Any CPU
		{6A03C483-D9AC-475A-B83D-B96A3FD07236}.Release|x86.Build.0 = Release|Any CPU
		{7EFA610B-DAA3-4970-9117-0D5AAC229102}.Debug|Any CPU.ActiveCfg = Debug|Any CPU
		{7EFA610B-DAA3-4970-9117-0D5AAC229102}.Debug|Any CPU.Build.0 = Debug|Any CPU
		{7EFA610B-DAA3-4970-9117-0D5AAC229102}.Debug|x64.ActiveCfg = Debug|Any CPU
		{7EFA610B-DAA3-4970-9117-0D5AAC229102}.Debug|x64.Build.0 = Debug|Any CPU
		{7EFA610B-DAA3-4970-9117-0D5AAC229102}.Debug|x86.ActiveCfg = Debug|Any CPU
		{7EFA610B-DAA3-4970-9117-0D5AAC229102}.Debug|x86.Build.0 = Debug|Any CPU
		{7EFA610B-DAA3-4970-9117-0D5AAC229102}.Release|Any CPU.ActiveCfg = Release|Any CPU
		{7EFA610B-DAA3-4970-9117-0D5AAC229102}.Release|Any CPU.Build.0 = Release|Any CPU
		{7EFA610B-DAA3-4970-9117-0D5AAC229102}.Release|x64.ActiveCfg = Release|Any CPU
		{7EFA610B-DAA3-4970-9117-0D5AAC229102}.Release|x64.Build.0 = Release|Any CPU
		{7EFA610B-DAA3-4970-9117-0D5AAC229102}.Release|x86.ActiveCfg = Release|Any CPU
		{7EFA610B-DAA3-4970-9117-0D5AAC229102}.Release|x86.Build.0 = Release|Any CPU
		{4CC5590B-9D06-4EC3-B3D2-3AEB42727880}.Debug|Any CPU.ActiveCfg = Debug|Any CPU
		{4CC5590B-9D06-4EC3-B3D2-3AEB42727880}.Debug|Any CPU.Build.0 = Debug|Any CPU
		{4CC5590B-9D06-4EC3-B3D2-3AEB42727880}.Debug|x64.ActiveCfg = Debug|Any CPU
		{4CC5590B-9D06-4EC3-B3D2-3AEB42727880}.Debug|x64.Build.0 = Debug|Any CPU
		{4CC5590B-9D06-4EC3-B3D2-3AEB42727880}.Debug|x86.ActiveCfg = Debug|Any CPU
		{4CC5590B-9D06-4EC3-B3D2-3AEB42727880}.Debug|x86.Build.0 = Debug|Any CPU
		{4CC5590B-9D06-4EC3-B3D2-3AEB42727880}.Release|Any CPU.ActiveCfg = Release|Any CPU
		{4CC5590B-9D06-4EC3-B3D2-3AEB42727880}.Release|Any CPU.Build.0 = Release|Any CPU
		{4CC5590B-9D06-4EC3-B3D2-3AEB42727880}.Release|x64.ActiveCfg = Release|Any CPU
		{4CC5590B-9D06-4EC3-B3D2-3AEB42727880}.Release|x64.Build.0 = Release|Any CPU
		{4CC5590B-9D06-4EC3-B3D2-3AEB42727880}.Release|x86.ActiveCfg = Release|Any CPU
		{4CC5590B-9D06-4EC3-B3D2-3AEB42727880}.Release|x86.Build.0 = Release|Any CPU
		{AA7809C8-DD5A-477F-A56D-7F6DFB01F631}.Debug|Any CPU.ActiveCfg = Debug|Any CPU
		{AA7809C8-DD5A-477F-A56D-7F6DFB01F631}.Debug|Any CPU.Build.0 = Debug|Any CPU
		{AA7809C8-DD5A-477F-A56D-7F6DFB01F631}.Debug|x64.ActiveCfg = Debug|Any CPU
		{AA7809C8-DD5A-477F-A56D-7F6DFB01F631}.Debug|x64.Build.0 = Debug|Any CPU
		{AA7809C8-DD5A-477F-A56D-7F6DFB01F631}.Debug|x86.ActiveCfg = Debug|Any CPU
		{AA7809C8-DD5A-477F-A56D-7F6DFB01F631}.Debug|x86.Build.0 = Debug|Any CPU
		{AA7809C8-DD5A-477F-A56D-7F6DFB01F631}.Release|Any CPU.ActiveCfg = Release|Any CPU
		{AA7809C8-DD5A-477F-A56D-7F6DFB01F631}.Release|Any CPU.Build.0 = Release|Any CPU
		{AA7809C8-DD5A-477F-A56D-7F6DFB01F631}.Release|x64.ActiveCfg = Release|Any CPU
		{AA7809C8-DD5A-477F-A56D-7F6DFB01F631}.Release|x64.Build.0 = Release|Any CPU
		{AA7809C8-DD5A-477F-A56D-7F6DFB01F631}.Release|x86.ActiveCfg = Release|Any CPU
		{AA7809C8-DD5A-477F-A56D-7F6DFB01F631}.Release|x86.Build.0 = Release|Any CPU
		{475CBD2B-21D4-4987-9199-A0EE99A3A2E1}.Debug|Any CPU.ActiveCfg = Debug|Any CPU
		{475CBD2B-21D4-4987-9199-A0EE99A3A2E1}.Debug|Any CPU.Build.0 = Debug|Any CPU
		{475CBD2B-21D4-4987-9199-A0EE99A3A2E1}.Debug|x64.ActiveCfg = Debug|Any CPU
		{475CBD2B-21D4-4987-9199-A0EE99A3A2E1}.Debug|x64.Build.0 = Debug|Any CPU
		{475CBD2B-21D4-4987-9199-A0EE99A3A2E1}.Debug|x86.ActiveCfg = Debug|Any CPU
		{475CBD2B-21D4-4987-9199-A0EE99A3A2E1}.Debug|x86.Build.0 = Debug|Any CPU
		{475CBD2B-21D4-4987-9199-A0EE99A3A2E1}.Release|Any CPU.ActiveCfg = Release|Any CPU
		{475CBD2B-21D4-4987-9199-A0EE99A3A2E1}.Release|Any CPU.Build.0 = Release|Any CPU
		{475CBD2B-21D4-4987-9199-A0EE99A3A2E1}.Release|x64.ActiveCfg = Release|Any CPU
		{475CBD2B-21D4-4987-9199-A0EE99A3A2E1}.Release|x64.Build.0 = Release|Any CPU
		{475CBD2B-21D4-4987-9199-A0EE99A3A2E1}.Release|x86.ActiveCfg = Release|Any CPU
		{475CBD2B-21D4-4987-9199-A0EE99A3A2E1}.Release|x86.Build.0 = Release|Any CPU
		{D1C538C2-A61B-49A4-BCF3-6E9B3396C5F2}.Debug|Any CPU.ActiveCfg = Debug|Any CPU
		{D1C538C2-A61B-49A4-BCF3-6E9B3396C5F2}.Debug|Any CPU.Build.0 = Debug|Any CPU
		{D1C538C2-A61B-49A4-BCF3-6E9B3396C5F2}.Debug|x64.ActiveCfg = Debug|Any CPU
		{D1C538C2-A61B-49A4-BCF3-6E9B3396C5F2}.Debug|x64.Build.0 = Debug|Any CPU
		{D1C538C2-A61B-49A4-BCF3-6E9B3396C5F2}.Debug|x86.ActiveCfg = Debug|Any CPU
		{D1C538C2-A61B-49A4-BCF3-6E9B3396C5F2}.Debug|x86.Build.0 = Debug|Any CPU
		{D1C538C2-A61B-49A4-BCF3-6E9B3396C5F2}.Release|Any CPU.ActiveCfg = Release|Any CPU
		{D1C538C2-A61B-49A4-BCF3-6E9B3396C5F2}.Release|Any CPU.Build.0 = Release|Any CPU
		{D1C538C2-A61B-49A4-BCF3-6E9B3396C5F2}.Release|x64.ActiveCfg = Release|Any CPU
		{D1C538C2-A61B-49A4-BCF3-6E9B3396C5F2}.Release|x64.Build.0 = Release|Any CPU
		{D1C538C2-A61B-49A4-BCF3-6E9B3396C5F2}.Release|x86.ActiveCfg = Release|Any CPU
		{D1C538C2-A61B-49A4-BCF3-6E9B3396C5F2}.Release|x86.Build.0 = Release|Any CPU
		{382297EA-CAA1-4BB5-80A0-67DC39F0E3FA}.Debug|Any CPU.ActiveCfg = Debug|Any CPU
		{382297EA-CAA1-4BB5-80A0-67DC39F0E3FA}.Debug|Any CPU.Build.0 = Debug|Any CPU
		{382297EA-CAA1-4BB5-80A0-67DC39F0E3FA}.Debug|x64.ActiveCfg = Debug|Any CPU
		{382297EA-CAA1-4BB5-80A0-67DC39F0E3FA}.Debug|x64.Build.0 = Debug|Any CPU
		{382297EA-CAA1-4BB5-80A0-67DC39F0E3FA}.Debug|x86.ActiveCfg = Debug|Any CPU
		{382297EA-CAA1-4BB5-80A0-67DC39F0E3FA}.Debug|x86.Build.0 = Debug|Any CPU
		{382297EA-CAA1-4BB5-80A0-67DC39F0E3FA}.Release|Any CPU.ActiveCfg = Release|Any CPU
		{382297EA-CAA1-4BB5-80A0-67DC39F0E3FA}.Release|Any CPU.Build.0 = Release|Any CPU
		{382297EA-CAA1-4BB5-80A0-67DC39F0E3FA}.Release|x64.ActiveCfg = Release|Any CPU
		{382297EA-CAA1-4BB5-80A0-67DC39F0E3FA}.Release|x64.Build.0 = Release|Any CPU
		{382297EA-CAA1-4BB5-80A0-67DC39F0E3FA}.Release|x86.ActiveCfg = Release|Any CPU
		{382297EA-CAA1-4BB5-80A0-67DC39F0E3FA}.Release|x86.Build.0 = Release|Any CPU
		{D73AE2E0-4C30-4CE8-8503-D0045FBB9FCD}.Debug|Any CPU.ActiveCfg = Debug|Any CPU
		{D73AE2E0-4C30-4CE8-8503-D0045FBB9FCD}.Debug|Any CPU.Build.0 = Debug|Any CPU
		{D73AE2E0-4C30-4CE8-8503-D0045FBB9FCD}.Debug|x64.ActiveCfg = Debug|Any CPU
		{D73AE2E0-4C30-4CE8-8503-D0045FBB9FCD}.Debug|x64.Build.0 = Debug|Any CPU
		{D73AE2E0-4C30-4CE8-8503-D0045FBB9FCD}.Debug|x86.ActiveCfg = Debug|Any CPU
		{D73AE2E0-4C30-4CE8-8503-D0045FBB9FCD}.Debug|x86.Build.0 = Debug|Any CPU
		{D73AE2E0-4C30-4CE8-8503-D0045FBB9FCD}.Release|Any CPU.ActiveCfg = Release|Any CPU
		{D73AE2E0-4C30-4CE8-8503-D0045FBB9FCD}.Release|Any CPU.Build.0 = Release|Any CPU
		{D73AE2E0-4C30-4CE8-8503-D0045FBB9FCD}.Release|x64.ActiveCfg = Release|Any CPU
		{D73AE2E0-4C30-4CE8-8503-D0045FBB9FCD}.Release|x64.Build.0 = Release|Any CPU
		{D73AE2E0-4C30-4CE8-8503-D0045FBB9FCD}.Release|x86.ActiveCfg = Release|Any CPU
		{D73AE2E0-4C30-4CE8-8503-D0045FBB9FCD}.Release|x86.Build.0 = Release|Any CPU
		{0C787D06-A81F-416B-97EA-E57289C4207D}.Debug|Any CPU.ActiveCfg = Debug|Any CPU
		{0C787D06-A81F-416B-97EA-E57289C4207D}.Debug|Any CPU.Build.0 = Debug|Any CPU
		{0C787D06-A81F-416B-97EA-E57289C4207D}.Debug|x64.ActiveCfg = Debug|Any CPU
		{0C787D06-A81F-416B-97EA-E57289C4207D}.Debug|x64.Build.0 = Debug|Any CPU
		{0C787D06-A81F-416B-97EA-E57289C4207D}.Debug|x86.ActiveCfg = Debug|Any CPU
		{0C787D06-A81F-416B-97EA-E57289C4207D}.Debug|x86.Build.0 = Debug|Any CPU
		{0C787D06-A81F-416B-97EA-E57289C4207D}.Release|Any CPU.ActiveCfg = Release|Any CPU
		{0C787D06-A81F-416B-97EA-E57289C4207D}.Release|Any CPU.Build.0 = Release|Any CPU
		{0C787D06-A81F-416B-97EA-E57289C4207D}.Release|x64.ActiveCfg = Release|Any CPU
		{0C787D06-A81F-416B-97EA-E57289C4207D}.Release|x64.Build.0 = Release|Any CPU
		{0C787D06-A81F-416B-97EA-E57289C4207D}.Release|x86.ActiveCfg = Release|Any CPU
		{0C787D06-A81F-416B-97EA-E57289C4207D}.Release|x86.Build.0 = Release|Any CPU
		{C145254E-8908-4A81-8B11-6E669683A3C6}.Debug|Any CPU.ActiveCfg = Debug|Any CPU
		{C145254E-8908-4A81-8B11-6E669683A3C6}.Debug|Any CPU.Build.0 = Debug|Any CPU
		{C145254E-8908-4A81-8B11-6E669683A3C6}.Debug|x64.ActiveCfg = Debug|Any CPU
		{C145254E-8908-4A81-8B11-6E669683A3C6}.Debug|x64.Build.0 = Debug|Any CPU
		{C145254E-8908-4A81-8B11-6E669683A3C6}.Debug|x86.ActiveCfg = Debug|Any CPU
		{C145254E-8908-4A81-8B11-6E669683A3C6}.Debug|x86.Build.0 = Debug|Any CPU
		{C145254E-8908-4A81-8B11-6E669683A3C6}.Release|Any CPU.ActiveCfg = Release|Any CPU
		{C145254E-8908-4A81-8B11-6E669683A3C6}.Release|Any CPU.Build.0 = Release|Any CPU
		{C145254E-8908-4A81-8B11-6E669683A3C6}.Release|x64.ActiveCfg = Release|Any CPU
		{C145254E-8908-4A81-8B11-6E669683A3C6}.Release|x64.Build.0 = Release|Any CPU
		{C145254E-8908-4A81-8B11-6E669683A3C6}.Release|x86.ActiveCfg = Release|Any CPU
		{C145254E-8908-4A81-8B11-6E669683A3C6}.Release|x86.Build.0 = Release|Any CPU
		{48D97BA4-2A75-42A7-A74A-473E35239B06}.Debug|Any CPU.ActiveCfg = Debug|Any CPU
		{48D97BA4-2A75-42A7-A74A-473E35239B06}.Debug|Any CPU.Build.0 = Debug|Any CPU
		{48D97BA4-2A75-42A7-A74A-473E35239B06}.Debug|x64.ActiveCfg = Debug|Any CPU
		{48D97BA4-2A75-42A7-A74A-473E35239B06}.Debug|x64.Build.0 = Debug|Any CPU
		{48D97BA4-2A75-42A7-A74A-473E35239B06}.Debug|x86.ActiveCfg = Debug|Any CPU
		{48D97BA4-2A75-42A7-A74A-473E35239B06}.Debug|x86.Build.0 = Debug|Any CPU
		{48D97BA4-2A75-42A7-A74A-473E35239B06}.Release|Any CPU.ActiveCfg = Release|Any CPU
		{48D97BA4-2A75-42A7-A74A-473E35239B06}.Release|Any CPU.Build.0 = Release|Any CPU
		{48D97BA4-2A75-42A7-A74A-473E35239B06}.Release|x64.ActiveCfg = Release|Any CPU
		{48D97BA4-2A75-42A7-A74A-473E35239B06}.Release|x64.Build.0 = Release|Any CPU
		{48D97BA4-2A75-42A7-A74A-473E35239B06}.Release|x86.ActiveCfg = Release|Any CPU
		{48D97BA4-2A75-42A7-A74A-473E35239B06}.Release|x86.Build.0 = Release|Any CPU
		{7079762D-FD8A-433A-AB15-299477B878A9}.Debug|Any CPU.ActiveCfg = Debug|Any CPU
		{7079762D-FD8A-433A-AB15-299477B878A9}.Debug|Any CPU.Build.0 = Debug|Any CPU
		{7079762D-FD8A-433A-AB15-299477B878A9}.Debug|x64.ActiveCfg = Debug|Any CPU
		{7079762D-FD8A-433A-AB15-299477B878A9}.Debug|x64.Build.0 = Debug|Any CPU
		{7079762D-FD8A-433A-AB15-299477B878A9}.Debug|x86.ActiveCfg = Debug|Any CPU
		{7079762D-FD8A-433A-AB15-299477B878A9}.Debug|x86.Build.0 = Debug|Any CPU
		{7079762D-FD8A-433A-AB15-299477B878A9}.Release|Any CPU.ActiveCfg = Release|Any CPU
		{7079762D-FD8A-433A-AB15-299477B878A9}.Release|Any CPU.Build.0 = Release|Any CPU
		{7079762D-FD8A-433A-AB15-299477B878A9}.Release|x64.ActiveCfg = Release|Any CPU
		{7079762D-FD8A-433A-AB15-299477B878A9}.Release|x64.Build.0 = Release|Any CPU
		{7079762D-FD8A-433A-AB15-299477B878A9}.Release|x86.ActiveCfg = Release|Any CPU
		{7079762D-FD8A-433A-AB15-299477B878A9}.Release|x86.Build.0 = Release|Any CPU
		{B20EA31B-0836-460E-9D6F-9716489137F5}.Debug|Any CPU.ActiveCfg = Debug|Any CPU
		{B20EA31B-0836-460E-9D6F-9716489137F5}.Debug|Any CPU.Build.0 = Debug|Any CPU
		{B20EA31B-0836-460E-9D6F-9716489137F5}.Debug|x64.ActiveCfg = Debug|Any CPU
		{B20EA31B-0836-460E-9D6F-9716489137F5}.Debug|x64.Build.0 = Debug|Any CPU
		{B20EA31B-0836-460E-9D6F-9716489137F5}.Debug|x86.ActiveCfg = Debug|Any CPU
		{B20EA31B-0836-460E-9D6F-9716489137F5}.Debug|x86.Build.0 = Debug|Any CPU
		{B20EA31B-0836-460E-9D6F-9716489137F5}.Release|Any CPU.ActiveCfg = Release|Any CPU
		{B20EA31B-0836-460E-9D6F-9716489137F5}.Release|Any CPU.Build.0 = Release|Any CPU
		{B20EA31B-0836-460E-9D6F-9716489137F5}.Release|x64.ActiveCfg = Release|Any CPU
		{B20EA31B-0836-460E-9D6F-9716489137F5}.Release|x64.Build.0 = Release|Any CPU
		{B20EA31B-0836-460E-9D6F-9716489137F5}.Release|x86.ActiveCfg = Release|Any CPU
		{B20EA31B-0836-460E-9D6F-9716489137F5}.Release|x86.Build.0 = Release|Any CPU
		{3AF73493-D9D1-44E2-A497-D263ED8E8BDF}.Debug|Any CPU.ActiveCfg = Debug|Any CPU
		{3AF73493-D9D1-44E2-A497-D263ED8E8BDF}.Debug|Any CPU.Build.0 = Debug|Any CPU
		{3AF73493-D9D1-44E2-A497-D263ED8E8BDF}.Debug|x64.ActiveCfg = Debug|Any CPU
		{3AF73493-D9D1-44E2-A497-D263ED8E8BDF}.Debug|x64.Build.0 = Debug|Any CPU
		{3AF73493-D9D1-44E2-A497-D263ED8E8BDF}.Debug|x86.ActiveCfg = Debug|Any CPU
		{3AF73493-D9D1-44E2-A497-D263ED8E8BDF}.Debug|x86.Build.0 = Debug|Any CPU
		{3AF73493-D9D1-44E2-A497-D263ED8E8BDF}.Release|Any CPU.ActiveCfg = Release|Any CPU
		{3AF73493-D9D1-44E2-A497-D263ED8E8BDF}.Release|Any CPU.Build.0 = Release|Any CPU
		{3AF73493-D9D1-44E2-A497-D263ED8E8BDF}.Release|x64.ActiveCfg = Release|Any CPU
		{3AF73493-D9D1-44E2-A497-D263ED8E8BDF}.Release|x64.Build.0 = Release|Any CPU
		{3AF73493-D9D1-44E2-A497-D263ED8E8BDF}.Release|x86.ActiveCfg = Release|Any CPU
		{3AF73493-D9D1-44E2-A497-D263ED8E8BDF}.Release|x86.Build.0 = Release|Any CPU
		{82431F50-4BA2-4AC6-A88C-710DC1BE6A4D}.Debug|Any CPU.ActiveCfg = Debug|Any CPU
		{82431F50-4BA2-4AC6-A88C-710DC1BE6A4D}.Debug|Any CPU.Build.0 = Debug|Any CPU
		{82431F50-4BA2-4AC6-A88C-710DC1BE6A4D}.Debug|x64.ActiveCfg = Debug|Any CPU
		{82431F50-4BA2-4AC6-A88C-710DC1BE6A4D}.Debug|x64.Build.0 = Debug|Any CPU
		{82431F50-4BA2-4AC6-A88C-710DC1BE6A4D}.Debug|x86.ActiveCfg = Debug|Any CPU
		{82431F50-4BA2-4AC6-A88C-710DC1BE6A4D}.Debug|x86.Build.0 = Debug|Any CPU
		{82431F50-4BA2-4AC6-A88C-710DC1BE6A4D}.Release|Any CPU.ActiveCfg = Release|Any CPU
		{82431F50-4BA2-4AC6-A88C-710DC1BE6A4D}.Release|Any CPU.Build.0 = Release|Any CPU
		{82431F50-4BA2-4AC6-A88C-710DC1BE6A4D}.Release|x64.ActiveCfg = Release|Any CPU
		{82431F50-4BA2-4AC6-A88C-710DC1BE6A4D}.Release|x64.Build.0 = Release|Any CPU
		{82431F50-4BA2-4AC6-A88C-710DC1BE6A4D}.Release|x86.ActiveCfg = Release|Any CPU
		{82431F50-4BA2-4AC6-A88C-710DC1BE6A4D}.Release|x86.Build.0 = Release|Any CPU
		{6B015F4E-08FB-410C-AFBF-7FAA85FCFE36}.Debug|Any CPU.ActiveCfg = Debug|Any CPU
		{6B015F4E-08FB-410C-AFBF-7FAA85FCFE36}.Debug|Any CPU.Build.0 = Debug|Any CPU
		{6B015F4E-08FB-410C-AFBF-7FAA85FCFE36}.Debug|x64.ActiveCfg = Debug|Any CPU
		{6B015F4E-08FB-410C-AFBF-7FAA85FCFE36}.Debug|x64.Build.0 = Debug|Any CPU
		{6B015F4E-08FB-410C-AFBF-7FAA85FCFE36}.Debug|x86.ActiveCfg = Debug|Any CPU
		{6B015F4E-08FB-410C-AFBF-7FAA85FCFE36}.Debug|x86.Build.0 = Debug|Any CPU
		{6B015F4E-08FB-410C-AFBF-7FAA85FCFE36}.Release|Any CPU.ActiveCfg = Release|Any CPU
		{6B015F4E-08FB-410C-AFBF-7FAA85FCFE36}.Release|Any CPU.Build.0 = Release|Any CPU
		{6B015F4E-08FB-410C-AFBF-7FAA85FCFE36}.Release|x64.ActiveCfg = Release|Any CPU
		{6B015F4E-08FB-410C-AFBF-7FAA85FCFE36}.Release|x64.Build.0 = Release|Any CPU
		{6B015F4E-08FB-410C-AFBF-7FAA85FCFE36}.Release|x86.ActiveCfg = Release|Any CPU
		{6B015F4E-08FB-410C-AFBF-7FAA85FCFE36}.Release|x86.Build.0 = Release|Any CPU
		{071E324E-C24D-42CC-9EC7-C2BEABCF8C29}.Debug|Any CPU.ActiveCfg = Debug|Any CPU
		{071E324E-C24D-42CC-9EC7-C2BEABCF8C29}.Debug|Any CPU.Build.0 = Debug|Any CPU
		{071E324E-C24D-42CC-9EC7-C2BEABCF8C29}.Debug|x64.ActiveCfg = Debug|Any CPU
		{071E324E-C24D-42CC-9EC7-C2BEABCF8C29}.Debug|x64.Build.0 = Debug|Any CPU
		{071E324E-C24D-42CC-9EC7-C2BEABCF8C29}.Debug|x86.ActiveCfg = Debug|Any CPU
		{071E324E-C24D-42CC-9EC7-C2BEABCF8C29}.Debug|x86.Build.0 = Debug|Any CPU
		{071E324E-C24D-42CC-9EC7-C2BEABCF8C29}.Release|Any CPU.ActiveCfg = Release|Any CPU
		{071E324E-C24D-42CC-9EC7-C2BEABCF8C29}.Release|Any CPU.Build.0 = Release|Any CPU
		{071E324E-C24D-42CC-9EC7-C2BEABCF8C29}.Release|x64.ActiveCfg = Release|Any CPU
		{071E324E-C24D-42CC-9EC7-C2BEABCF8C29}.Release|x64.Build.0 = Release|Any CPU
		{071E324E-C24D-42CC-9EC7-C2BEABCF8C29}.Release|x86.ActiveCfg = Release|Any CPU
		{071E324E-C24D-42CC-9EC7-C2BEABCF8C29}.Release|x86.Build.0 = Release|Any CPU
		{05BE3AAC-8372-42EB-86DE-D655178A5798}.Debug|Any CPU.ActiveCfg = Debug|Any CPU
		{05BE3AAC-8372-42EB-86DE-D655178A5798}.Debug|Any CPU.Build.0 = Debug|Any CPU
		{05BE3AAC-8372-42EB-86DE-D655178A5798}.Debug|x64.ActiveCfg = Debug|Any CPU
		{05BE3AAC-8372-42EB-86DE-D655178A5798}.Debug|x64.Build.0 = Debug|Any CPU
		{05BE3AAC-8372-42EB-86DE-D655178A5798}.Debug|x86.ActiveCfg = Debug|Any CPU
		{05BE3AAC-8372-42EB-86DE-D655178A5798}.Debug|x86.Build.0 = Debug|Any CPU
		{05BE3AAC-8372-42EB-86DE-D655178A5798}.Release|Any CPU.ActiveCfg = Release|Any CPU
		{05BE3AAC-8372-42EB-86DE-D655178A5798}.Release|Any CPU.Build.0 = Release|Any CPU
		{05BE3AAC-8372-42EB-86DE-D655178A5798}.Release|x64.ActiveCfg = Release|Any CPU
		{05BE3AAC-8372-42EB-86DE-D655178A5798}.Release|x64.Build.0 = Release|Any CPU
		{05BE3AAC-8372-42EB-86DE-D655178A5798}.Release|x86.ActiveCfg = Release|Any CPU
		{05BE3AAC-8372-42EB-86DE-D655178A5798}.Release|x86.Build.0 = Release|Any CPU
		{294B9B80-B48D-4EA9-857F-B727B322B036}.Debug|Any CPU.ActiveCfg = Debug|Any CPU
		{294B9B80-B48D-4EA9-857F-B727B322B036}.Debug|Any CPU.Build.0 = Debug|Any CPU
		{294B9B80-B48D-4EA9-857F-B727B322B036}.Debug|x64.ActiveCfg = Debug|Any CPU
		{294B9B80-B48D-4EA9-857F-B727B322B036}.Debug|x64.Build.0 = Debug|Any CPU
		{294B9B80-B48D-4EA9-857F-B727B322B036}.Debug|x86.ActiveCfg = Debug|Any CPU
		{294B9B80-B48D-4EA9-857F-B727B322B036}.Debug|x86.Build.0 = Debug|Any CPU
		{294B9B80-B48D-4EA9-857F-B727B322B036}.Release|Any CPU.ActiveCfg = Release|Any CPU
		{294B9B80-B48D-4EA9-857F-B727B322B036}.Release|Any CPU.Build.0 = Release|Any CPU
		{294B9B80-B48D-4EA9-857F-B727B322B036}.Release|x64.ActiveCfg = Release|Any CPU
		{294B9B80-B48D-4EA9-857F-B727B322B036}.Release|x64.Build.0 = Release|Any CPU
		{294B9B80-B48D-4EA9-857F-B727B322B036}.Release|x86.ActiveCfg = Release|Any CPU
		{294B9B80-B48D-4EA9-857F-B727B322B036}.Release|x86.Build.0 = Release|Any CPU
		{A9BB86AE-CA57-47A5-8E53-1F39FCDA3706}.Debug|Any CPU.ActiveCfg = Debug|Any CPU
		{A9BB86AE-CA57-47A5-8E53-1F39FCDA3706}.Debug|Any CPU.Build.0 = Debug|Any CPU
		{A9BB86AE-CA57-47A5-8E53-1F39FCDA3706}.Debug|x64.ActiveCfg = Debug|Any CPU
		{A9BB86AE-CA57-47A5-8E53-1F39FCDA3706}.Debug|x64.Build.0 = Debug|Any CPU
		{A9BB86AE-CA57-47A5-8E53-1F39FCDA3706}.Debug|x86.ActiveCfg = Debug|Any CPU
		{A9BB86AE-CA57-47A5-8E53-1F39FCDA3706}.Debug|x86.Build.0 = Debug|Any CPU
		{A9BB86AE-CA57-47A5-8E53-1F39FCDA3706}.Release|Any CPU.ActiveCfg = Release|Any CPU
		{A9BB86AE-CA57-47A5-8E53-1F39FCDA3706}.Release|Any CPU.Build.0 = Release|Any CPU
		{A9BB86AE-CA57-47A5-8E53-1F39FCDA3706}.Release|x64.ActiveCfg = Release|Any CPU
		{A9BB86AE-CA57-47A5-8E53-1F39FCDA3706}.Release|x64.Build.0 = Release|Any CPU
		{A9BB86AE-CA57-47A5-8E53-1F39FCDA3706}.Release|x86.ActiveCfg = Release|Any CPU
		{A9BB86AE-CA57-47A5-8E53-1F39FCDA3706}.Release|x86.Build.0 = Release|Any CPU
		{AC713E19-FFF0-4C8E-82D5-93DFB289D29A}.Debug|Any CPU.ActiveCfg = Debug|Any CPU
		{AC713E19-FFF0-4C8E-82D5-93DFB289D29A}.Debug|Any CPU.Build.0 = Debug|Any CPU
		{AC713E19-FFF0-4C8E-82D5-93DFB289D29A}.Debug|x64.ActiveCfg = Debug|Any CPU
		{AC713E19-FFF0-4C8E-82D5-93DFB289D29A}.Debug|x64.Build.0 = Debug|Any CPU
		{AC713E19-FFF0-4C8E-82D5-93DFB289D29A}.Debug|x86.ActiveCfg = Debug|Any CPU
		{AC713E19-FFF0-4C8E-82D5-93DFB289D29A}.Debug|x86.Build.0 = Debug|Any CPU
		{AC713E19-FFF0-4C8E-82D5-93DFB289D29A}.Release|Any CPU.ActiveCfg = Release|Any CPU
		{AC713E19-FFF0-4C8E-82D5-93DFB289D29A}.Release|Any CPU.Build.0 = Release|Any CPU
		{AC713E19-FFF0-4C8E-82D5-93DFB289D29A}.Release|x64.ActiveCfg = Release|Any CPU
		{AC713E19-FFF0-4C8E-82D5-93DFB289D29A}.Release|x64.Build.0 = Release|Any CPU
		{AC713E19-FFF0-4C8E-82D5-93DFB289D29A}.Release|x86.ActiveCfg = Release|Any CPU
		{AC713E19-FFF0-4C8E-82D5-93DFB289D29A}.Release|x86.Build.0 = Release|Any CPU
		{B7D27DF5-0DBB-4AB1-BF39-D8263FA88E55}.Debug|Any CPU.ActiveCfg = Debug|Any CPU
		{B7D27DF5-0DBB-4AB1-BF39-D8263FA88E55}.Debug|Any CPU.Build.0 = Debug|Any CPU
		{B7D27DF5-0DBB-4AB1-BF39-D8263FA88E55}.Debug|x64.ActiveCfg = Debug|Any CPU
		{B7D27DF5-0DBB-4AB1-BF39-D8263FA88E55}.Debug|x64.Build.0 = Debug|Any CPU
		{B7D27DF5-0DBB-4AB1-BF39-D8263FA88E55}.Debug|x86.ActiveCfg = Debug|Any CPU
		{B7D27DF5-0DBB-4AB1-BF39-D8263FA88E55}.Debug|x86.Build.0 = Debug|Any CPU
		{B7D27DF5-0DBB-4AB1-BF39-D8263FA88E55}.Release|Any CPU.ActiveCfg = Release|Any CPU
		{B7D27DF5-0DBB-4AB1-BF39-D8263FA88E55}.Release|Any CPU.Build.0 = Release|Any CPU
		{B7D27DF5-0DBB-4AB1-BF39-D8263FA88E55}.Release|x64.ActiveCfg = Release|Any CPU
		{B7D27DF5-0DBB-4AB1-BF39-D8263FA88E55}.Release|x64.Build.0 = Release|Any CPU
		{B7D27DF5-0DBB-4AB1-BF39-D8263FA88E55}.Release|x86.ActiveCfg = Release|Any CPU
		{B7D27DF5-0DBB-4AB1-BF39-D8263FA88E55}.Release|x86.Build.0 = Release|Any CPU
		{95DBF258-FD0E-4C06-A04B-03CC3A64550A}.Debug|Any CPU.ActiveCfg = Debug|Any CPU
		{95DBF258-FD0E-4C06-A04B-03CC3A64550A}.Debug|Any CPU.Build.0 = Debug|Any CPU
		{95DBF258-FD0E-4C06-A04B-03CC3A64550A}.Debug|x64.ActiveCfg = Debug|Any CPU
		{95DBF258-FD0E-4C06-A04B-03CC3A64550A}.Debug|x64.Build.0 = Debug|Any CPU
		{95DBF258-FD0E-4C06-A04B-03CC3A64550A}.Debug|x86.ActiveCfg = Debug|Any CPU
		{95DBF258-FD0E-4C06-A04B-03CC3A64550A}.Debug|x86.Build.0 = Debug|Any CPU
		{95DBF258-FD0E-4C06-A04B-03CC3A64550A}.Release|Any CPU.ActiveCfg = Release|Any CPU
		{95DBF258-FD0E-4C06-A04B-03CC3A64550A}.Release|Any CPU.Build.0 = Release|Any CPU
		{95DBF258-FD0E-4C06-A04B-03CC3A64550A}.Release|x64.ActiveCfg = Release|Any CPU
		{95DBF258-FD0E-4C06-A04B-03CC3A64550A}.Release|x64.Build.0 = Release|Any CPU
		{95DBF258-FD0E-4C06-A04B-03CC3A64550A}.Release|x86.ActiveCfg = Release|Any CPU
		{95DBF258-FD0E-4C06-A04B-03CC3A64550A}.Release|x86.Build.0 = Release|Any CPU
		{873A28B7-0204-47C3-B1B8-4A65E68A2B13}.Debug|Any CPU.ActiveCfg = Debug|Any CPU
		{873A28B7-0204-47C3-B1B8-4A65E68A2B13}.Debug|Any CPU.Build.0 = Debug|Any CPU
		{873A28B7-0204-47C3-B1B8-4A65E68A2B13}.Debug|x64.ActiveCfg = Debug|Any CPU
		{873A28B7-0204-47C3-B1B8-4A65E68A2B13}.Debug|x64.Build.0 = Debug|Any CPU
		{873A28B7-0204-47C3-B1B8-4A65E68A2B13}.Debug|x86.ActiveCfg = Debug|Any CPU
		{873A28B7-0204-47C3-B1B8-4A65E68A2B13}.Debug|x86.Build.0 = Debug|Any CPU
		{873A28B7-0204-47C3-B1B8-4A65E68A2B13}.Release|Any CPU.ActiveCfg = Release|Any CPU
		{873A28B7-0204-47C3-B1B8-4A65E68A2B13}.Release|Any CPU.Build.0 = Release|Any CPU
		{873A28B7-0204-47C3-B1B8-4A65E68A2B13}.Release|x64.ActiveCfg = Release|Any CPU
		{873A28B7-0204-47C3-B1B8-4A65E68A2B13}.Release|x64.Build.0 = Release|Any CPU
		{873A28B7-0204-47C3-B1B8-4A65E68A2B13}.Release|x86.ActiveCfg = Release|Any CPU
		{873A28B7-0204-47C3-B1B8-4A65E68A2B13}.Release|x86.Build.0 = Release|Any CPU
	EndGlobalSection
	GlobalSection(SolutionProperties) = preSolution
		HideSolutionNode = FALSE
	EndGlobalSection
	GlobalSection(NestedProjects) = preSolution
		{9DBB0D62-E3AF-D023-89B5-3F2C5F6723C8} = {CBB67373-7255-0830-2224-0485D8E32BCB}
		{17EB6D0E-0B48-423E-B68B-85A606294313} = {9DBB0D62-E3AF-D023-89B5-3F2C5F6723C8}
		{1BD6675F-A0A6-4EB1-AAE8-43A931248AE4} = {9DBB0D62-E3AF-D023-89B5-3F2C5F6723C8}
		{42A52ABC-5FE6-40DD-90F3-40E8E3A4C871} = {9DBB0D62-E3AF-D023-89B5-3F2C5F6723C8}
		{9837B4A3-94D5-4D24-A299-E34E1EAA9200} = {9DBB0D62-E3AF-D023-89B5-3F2C5F6723C8}
		{6A03C483-D9AC-475A-B83D-B96A3FD07236} = {9DBB0D62-E3AF-D023-89B5-3F2C5F6723C8}
		{7EFA610B-DAA3-4970-9117-0D5AAC229102} = {9DBB0D62-E3AF-D023-89B5-3F2C5F6723C8}
		{C86752A2-C510-1F68-2BF3-0DC9B4D1CF94} = {CBB67373-7255-0830-2224-0485D8E32BCB}
		{4CC5590B-9D06-4EC3-B3D2-3AEB42727880} = {C86752A2-C510-1F68-2BF3-0DC9B4D1CF94}
		{475CBD2B-21D4-4987-9199-A0EE99A3A2E1} = {C86752A2-C510-1F68-2BF3-0DC9B4D1CF94}
		{D1C538C2-A61B-49A4-BCF3-6E9B3396C5F2} = {C86752A2-C510-1F68-2BF3-0DC9B4D1CF94}
		{382297EA-CAA1-4BB5-80A0-67DC39F0E3FA} = {C86752A2-C510-1F68-2BF3-0DC9B4D1CF94}
		{D73AE2E0-4C30-4CE8-8503-D0045FBB9FCD} = {C86752A2-C510-1F68-2BF3-0DC9B4D1CF94}
		{0C787D06-A81F-416B-97EA-E57289C4207D} = {C86752A2-C510-1F68-2BF3-0DC9B4D1CF94}
		{C145254E-8908-4A81-8B11-6E669683A3C6} = {C86752A2-C510-1F68-2BF3-0DC9B4D1CF94}
		{E846388B-249F-EB8A-9FAA-6694658589FF} = {CBB67373-7255-0830-2224-0485D8E32BCB}
		{5DBD5F23-13E6-AEFE-70C4-3A0AD51746E6} = {E846388B-249F-EB8A-9FAA-6694658589FF}
		{48D97BA4-2A75-42A7-A74A-473E35239B06} = {5DBD5F23-13E6-AEFE-70C4-3A0AD51746E6}
		{8637C79D-F22F-5F77-DB5B-B136CFF83CB6} = {E846388B-249F-EB8A-9FAA-6694658589FF}
		{7079762D-FD8A-433A-AB15-299477B878A9} = {8637C79D-F22F-5F77-DB5B-B136CFF83CB6}
		{E6762BFF-9F6D-F9FC-57E4-3B539D801FD8} = {E846388B-249F-EB8A-9FAA-6694658589FF}
		{B20EA31B-0836-460E-9D6F-9716489137F5} = {E6762BFF-9F6D-F9FC-57E4-3B539D801FD8}
		{9089A68C-9A00-623F-2B00-EC59EB7DD34E} = {E846388B-249F-EB8A-9FAA-6694658589FF}
		{3AF73493-D9D1-44E2-A497-D263ED8E8BDF} = {9089A68C-9A00-623F-2B00-EC59EB7DD34E}
		{B547F545-FBA0-A52D-2501-03CAFF93A5EC} = {E846388B-249F-EB8A-9FAA-6694658589FF}
		{82431F50-4BA2-4AC6-A88C-710DC1BE6A4D} = {B547F545-FBA0-A52D-2501-03CAFF93A5EC}
		{FC4E4B44-433D-9BAE-C147-021BD3918CD7} = {E846388B-249F-EB8A-9FAA-6694658589FF}
		{6B015F4E-08FB-410C-AFBF-7FAA85FCFE36} = {FC4E4B44-433D-9BAE-C147-021BD3918CD7}
		{FFA5FA0E-5DEA-6E17-57C4-63731DCAE5D2} = {E846388B-249F-EB8A-9FAA-6694658589FF}
		{071E324E-C24D-42CC-9EC7-C2BEABCF8C29} = {FFA5FA0E-5DEA-6E17-57C4-63731DCAE5D2}
		{73CCA1DD-98A8-C616-737C-903444415949} = {E846388B-249F-EB8A-9FAA-6694658589FF}
		{05BE3AAC-8372-42EB-86DE-D655178A5798} = {73CCA1DD-98A8-C616-737C-903444415949}
		{DC0900A2-781A-A2DE-390A-89DC97A7303A} = {E846388B-249F-EB8A-9FAA-6694658589FF}
		{294B9B80-B48D-4EA9-857F-B727B322B036} = {DC0900A2-781A-A2DE-390A-89DC97A7303A}
		{B5A0B16C-8D3E-88BC-D9D9-3360FF992E36} = {CBB67373-7255-0830-2224-0485D8E32BCB}
		{A9BB86AE-CA57-47A5-8E53-1F39FCDA3706} = {B5A0B16C-8D3E-88BC-D9D9-3360FF992E36}
		{FCA91C2B-0B4D-5F64-2C1E-F12AC63DFF1C} = {B5A0B16C-8D3E-88BC-D9D9-3360FF992E36}
		{AC713E19-FFF0-4C8E-82D5-93DFB289D29A} = {FCA91C2B-0B4D-5F64-2C1E-F12AC63DFF1C}
		{C3176C1B-DF5F-5A99-3687-4B204A7407A5} = {B5A0B16C-8D3E-88BC-D9D9-3360FF992E36}
		{B7D27DF5-0DBB-4AB1-BF39-D8263FA88E55} = {C3176C1B-DF5F-5A99-3687-4B204A7407A5}
		{35EA1F59-C923-837D-67A1-CBCB74BC9589} = {B5A0B16C-8D3E-88BC-D9D9-3360FF992E36}
		{95DBF258-FD0E-4C06-A04B-03CC3A64550A} = {35EA1F59-C923-837D-67A1-CBCB74BC9589}
		{2DF260AD-AC4D-FDDD-4D51-960EDF450456} = {B5A0B16C-8D3E-88BC-D9D9-3360FF992E36}
		{873A28B7-0204-47C3-B1B8-4A65E68A2B13} = {2DF260AD-AC4D-FDDD-4D51-960EDF450456}
	EndGlobalSection
EndGlobal
