
Microsoft Visual Studio Solution File, Format Version 12.00
# Visual Studio Version 17
VisualStudioVersion = 17.0.31903.59
MinimumVisualStudioVersion = 10.0.40219.1
Project("{2150E333-8FDC-42A3-9474-1A3956D46DE8}") = "PracticeCode", "PracticeCode", "{CBB67373-7255-0830-2224-0485D8E32BCB}"
EndProject
Project("{2150E333-8FDC-42A3-9474-1A3956D46DE8}") = "1-CSBasic", "1-CSBasic", "{9DBB0D62-E3AF-D023-89B5-3F2C5F6723C8}"
EndProject
Project("{FAE04EC0-301F-11D3-BF4B-00C04F79EFBC}") = "HelloWorld", "PracticeCode\1-CSBasic\HelloWorld\HelloWorld.csproj", "{17EB6D0E-0B48-423E-B68B-85A606294313}"
EndProject
Project("{FAE04EC0-301F-11D3-BF4B-00C04F79EFBC}") = "DataType", "PracticeCode\1-CSBasic\DataType\DataType.csproj", "{1BD6675F-A0A6-4EB1-AAE8-43A931248AE4}"
EndProject
Project("{FAE04EC0-301F-11D3-BF4B-00C04F79EFBC}") = "DataStructure", "PracticeCode\1-CSBasic\DataStructure\DataStructure.csproj", "{42A52ABC-5FE6-40DD-90F3-40E8E3A4C871}"
EndProject
Project("{FAE04EC0-301F-11D3-BF4B-00C04F79EFBC}") = "OperatorsConditionals", "PracticeCode\1-CSBasic\OperatorsConditionals\OperatorsConditionals.csproj", "{9837B4A3-94D5-4D24-A299-E34E1EAA9200}"
EndProject
Project("{FAE04EC0-301F-11D3-BF4B-00C04F79EFBC}") = "Loop", "PracticeCode\1-CSBasic\Loop\Loop.csproj", "{6A03C483-D9AC-475A-B83D-B96A3FD07236}"
EndProject
Project("{FAE04EC0-301F-11D3-BF4B-00C04F79EFBC}") = "Method", "PracticeCode\1-CSBasic\Method\Method.csproj", "{7EFA610B-DAA3-4970-9117-0D5AAC229102}"
EndProject
Global
	GlobalSection(SolutionConfigurationPlatforms) = preSolution
		Debug|Any CPU = Debug|Any CPU
		Debug|x64 = Debug|x64
		Debug|x86 = Debug|x86
		Release|Any CPU = Release|Any CPU
		Release|x64 = Release|x64
		Release|x86 = Release|x86
	EndGlobalSection
	GlobalSection(ProjectConfigurationPlatforms) = postSolution
		{17EB6D0E-0B48-423E-B68B-85A606294313}.Debug|Any CPU.ActiveCfg = Debug|Any CPU
		{17EB6D0E-0B48-423E-B68B-85A606294313}.Debug|Any CPU.Build.0 = Debug|Any CPU
		{17EB6D0E-0B48-423E-B68B-85A606294313}.Debug|x64.ActiveCfg = Debug|Any CPU
		{17EB6D0E-0B48-423E-B68B-85A606294313}.Debug|x64.Build.0 = Debug|Any CPU
		{17EB6D0E-0B48-423E-B68B-85A606294313}.Debug|x86.ActiveCfg = Debug|Any CPU
		{17EB6D0E-0B48-423E-B68B-85A606294313}.Debug|x86.Build.0 = Debug|Any CPU
		{17EB6D0E-0B48-423E-B68B-85A606294313}.Release|Any CPU.ActiveCfg = Release|Any CPU
		{17EB6D0E-0B48-423E-B68B-85A606294313}.Release|Any CPU.Build.0 = Release|Any CPU
		{17EB6D0E-0B48-423E-B68B-85A606294313}.Release|x64.ActiveCfg = Release|Any CPU
		{17EB6D0E-0B48-423E-B68B-85A606294313}.Release|x64.Build.0 = Release|Any CPU
		{17EB6D0E-0B48-423E-B68B-85A606294313}.Release|x86.ActiveCfg = Release|Any CPU
		{17EB6D0E-0B48-423E-B68B-85A606294313}.Release|x86.Build.0 = Release|Any CPU
		{1BD6675F-A0A6-4EB1-AAE8-43A931248AE4}.Debug|Any CPU.ActiveCfg = Debug|Any CPU
		{1BD6675F-A0A6-4EB1-AAE8-43A931248AE4}.Debug|Any CPU.Build.0 = Debug|Any CPU
		{1BD6675F-A0A6-4EB1-AAE8-43A931248AE4}.Debug|x64.ActiveCfg = Debug|Any CPU
		{1BD6675F-A0A6-4EB1-AAE8-43A931248AE4}.Debug|x64.Build.0 = Debug|Any CPU
		{1BD6675F-A0A6-4EB1-AAE8-43A931248AE4}.Debug|x86.ActiveCfg = Debug|Any CPU
		{1BD6675F-A0A6-4EB1-AAE8-43A931248AE4}.Debug|x86.Build.0 = Debug|Any CPU
		{1BD6675F-A0A6-4EB1-AAE8-43A931248AE4}.Release|Any CPU.ActiveCfg = Release|Any CPU
		{1BD6675F-A0A6-4EB1-AAE8-43A931248AE4}.Release|Any CPU.Build.0 = Release|Any CPU
		{1BD6675F-A0A6-4EB1-AAE8-43A931248AE4}.Release|x64.ActiveCfg = Release|Any CPU
		{1BD6675F-A0A6-4EB1-AAE8-43A931248AE4}.Release|x64.Build.0 = Release|Any CPU
		{1BD6675F-A0A6-4EB1-AAE8-43A931248AE4}.Release|x86.ActiveCfg = Release|Any CPU
		{1BD6675F-A0A6-4EB1-AAE8-43A931248AE4}.Release|x86.Build.0 = Release|Any CPU
		{42A52ABC-5FE6-40DD-90F3-40E8E3A4C871}.Debug|Any CPU.ActiveCfg = Debug|Any CPU
		{42A52ABC-5FE6-40DD-90F3-40E8E3A4C871}.Debug|Any CPU.Build.0 = Debug|Any CPU
		{42A52ABC-5FE6-40DD-90F3-40E8E3A4C871}.Debug|x64.ActiveCfg = Debug|Any CPU
		{42A52ABC-5FE6-40DD-90F3-40E8E3A4C871}.Debug|x64.Build.0 = Debug|Any CPU
		{42A52ABC-5FE6-40DD-90F3-40E8E3A4C871}.Debug|x86.ActiveCfg = Debug|Any CPU
		{42A52ABC-5FE6-40DD-90F3-40E8E3A4C871}.Debug|x86.Build.0 = Debug|Any CPU
		{42A52ABC-5FE6-40DD-90F3-40E8E3A4C871}.Release|Any CPU.ActiveCfg = Release|Any CPU
		{42A52ABC-5FE6-40DD-90F3-40E8E3A4C871}.Release|Any CPU.Build.0 = Release|Any CPU
		{42A52ABC-5FE6-40DD-90F3-40E8E3A4C871}.Release|x64.ActiveCfg = Release|Any CPU
		{42A52ABC-5FE6-40DD-90F3-40E8E3A4C871}.Release|x64.Build.0 = Release|Any CPU
		{42A52ABC-5FE6-40DD-90F3-40E8E3A4C871}.Release|x86.ActiveCfg = Release|Any CPU
		{42A52ABC-5FE6-40DD-90F3-40E8E3A4C871}.Release|x86.Build.0 = Release|Any CPU
		{9837B4A3-94D5-4D24-A299-E34E1EAA9200}.Debug|Any CPU.ActiveCfg = Debug|Any CPU
		{9837B4A3-94D5-4D24-A299-E34E1EAA9200}.Debug|Any CPU.Build.0 = Debug|Any CPU
		{9837B4A3-94D5-4D24-A299-E34E1EAA9200}.Debug|x64.ActiveCfg = Debug|Any CPU
		{9837B4A3-94D5-4D24-A299-E34E1EAA9200}.Debug|x64.Build.0 = Debug|Any CPU
		{9837B4A3-94D5-4D24-A299-E34E1EAA9200}.Debug|x86.ActiveCfg = Debug|Any CPU
		{9837B4A3-94D5-4D24-A299-E34E1EAA9200}.Debug|x86.Build.0 = Debug|Any CPU
		{9837B4A3-94D5-4D24-A299-E34E1EAA9200}.Release|Any CPU.ActiveCfg = Release|Any CPU
		{9837B4A3-94D5-4D24-A299-E34E1EAA9200}.Release|Any CPU.Build.0 = Release|Any CPU
		{9837B4A3-94D5-4D24-A299-E34E1EAA9200}.Release|x64.ActiveCfg = Release|Any CPU
		{9837B4A3-94D5-4D24-A299-E34E1EAA9200}.Release|x64.Build.0 = Release|Any CPU
		{9837B4A3-94D5-4D24-A299-E34E1EAA9200}.Release|x86.ActiveCfg = Release|Any CPU
		{9837B4A3-94D5-4D24-A299-E34E1EAA9200}.Release|x86.Build.0 = Release|Any CPU
		{6A03C483-D9AC-475A-B83D-B96A3FD07236}.Debug|Any CPU.ActiveCfg = Debug|Any CPU
		{6A03C483-D9AC-475A-B83D-B96A3FD07236}.Debug|Any CPU.Build.0 = Debug|Any CPU
		{6A03C483-D9AC-475A-B83D-B96A3FD07236}.Debug|x64.ActiveCfg = Debug|Any CPU
		{6A03C483-D9AC-475A-B83D-B96A3FD07236}.Debug|x64.Build.0 = Debug|Any CPU
		{6A03C483-D9AC-475A-B83D-B96A3FD07236}.Debug|x86.ActiveCfg = Debug|Any CPU
		{6A03C483-D9AC-475A-B83D-B96A3FD07236}.Debug|x86.Build.0 = Debug|Any CPU
		{6A03C483-D9AC-475A-B83D-B96A3FD07236}.Release|Any CPU.ActiveCfg = Release|Any CPU
		{6A03C483-D9AC-475A-B83D-B96A3FD07236}.Release|Any CPU.Build.0 = Release|Any CPU
		{6A03C483-D9AC-475A-B83D-B96A3FD07236}.Release|x64.ActiveCfg = Release|Any CPU
		{6A03C483-D9AC-475A-B83D-B96A3FD07236}.Release|x64.Build.0 = Release|Any CPU
		{6A03C483-D9AC-475A-B83D-B96A3FD07236}.Release|x86.ActiveCfg = Release|Any CPU
		{6A03C483-D9AC-475A-B83D-B96A3FD07236}.Release|x86.Build.0 = Release|Any CPU
		{7EFA610B-DAA3-4970-9117-0D5AAC229102}.Debug|Any CPU.ActiveCfg = Debug|Any CPU
		{7EFA610B-DAA3-4970-9117-0D5AAC229102}.Debug|Any CPU.Build.0 = Debug|Any CPU
		{7EFA610B-DAA3-4970-9117-0D5AAC229102}.Debug|x64.ActiveCfg = Debug|Any CPU
		{7EFA610B-DAA3-4970-9117-0D5AAC229102}.Debug|x64.Build.0 = Debug|Any CPU
		{7EFA610B-DAA3-4970-9117-0D5AAC229102}.Debug|x86.ActiveCfg = Debug|Any CPU
		{7EFA610B-DAA3-4970-9117-0D5AAC229102}.Debug|x86.Build.0 = Debug|Any CPU
		{7EFA610B-DAA3-4970-9117-0D5AAC229102}.Release|Any CPU.ActiveCfg = Release|Any CPU
		{7EFA610B-DAA3-4970-9117-0D5AAC229102}.Release|Any CPU.Build.0 = Release|Any CPU
		{7EFA610B-DAA3-4970-9117-0D5AAC229102}.Release|x64.ActiveCfg = Release|Any CPU
		{7EFA610B-DAA3-4970-9117-0D5AAC229102}.Release|x64.Build.0 = Release|Any CPU
		{7EFA610B-DAA3-4970-9117-0D5AAC229102}.Release|x86.ActiveCfg = Release|Any CPU
		{7EFA610B-DAA3-4970-9117-0D5AAC229102}.Release|x86.Build.0 = Release|Any CPU
	EndGlobalSection
	GlobalSection(SolutionProperties) = preSolution
		HideSolutionNode = FALSE
	EndGlobalSection
	GlobalSection(NestedProjects) = preSolution
		{9DBB0D62-E3AF-D023-89B5-3F2C5F6723C8} = {CBB67373-7255-0830-2224-0485D8E32BCB}
		{17EB6D0E-0B48-423E-B68B-85A606294313} = {9DBB0D62-E3AF-D023-89B5-3F2C5F6723C8}
		{1BD6675F-A0A6-4EB1-AAE8-43A931248AE4} = {9DBB0D62-E3AF-D023-89B5-3F2C5F6723C8}
		{42A52ABC-5FE6-40DD-90F3-40E8E3A4C871} = {9DBB0D62-E3AF-D023-89B5-3F2C5F6723C8}
		{9837B4A3-94D5-4D24-A299-E34E1EAA9200} = {9DBB0D62-E3AF-D023-89B5-3F2C5F6723C8}
		{6A03C483-D9AC-475A-B83D-B96A3FD07236} = {9DBB0D62-E3AF-D023-89B5-3F2C5F6723C8}
		{7EFA610B-DAA3-4970-9117-0D5AAC229102} = {9DBB0D62-E3AF-D023-89B5-3F2C5F6723C8}
	EndGlobalSection
EndGlobal
