
Microsoft Visual Studio Solution File, Format Version 12.00
# Visual Studio Version 17
VisualStudioVersion = 17.0.31903.59
MinimumVisualStudioVersion = 10.0.40219.1
Project("{2150E333-8FDC-42A3-9474-1A3956D46DE8}") = "PracticeCode", "PracticeCode", "{CBB67373-7255-0830-2224-0485D8E32BCB}"
EndProject
Project("{2150E333-8FDC-42A3-9474-1A3956D46DE8}") = "1-CSBasic", "1-CSBasic", "{9DBB0D62-E3AF-D023-89B5-3F2C5F6723C8}"
EndProject
Project("{FAE04EC0-301F-11D3-BF4B-00C04F79EFBC}") = "HelloWorld", "PracticeCode\1-CSBasic\HelloWorld\HelloWorld.csproj", "{17EB6D0E-0B48-423E-B68B-85A606294313}"
EndProject
Project("{FAE04EC0-301F-11D3-BF4B-00C04F79EFBC}") = "DataType", "PracticeCode\1-CSBasic\DataType\DataType.csproj", "{1BD6675F-A0A6-4EB1-AAE8-43A931248AE4}"
EndProject
Project("{FAE04EC0-301F-11D3-BF4B-00C04F79EFBC}") = "DataStructure", "PracticeCode\1-CSBasic\DataStructure\DataStructure.csproj", "{42A52ABC-5FE6-40DD-90F3-40E8E3A4C871}"
EndProject
Project("{FAE04EC0-301F-11D3-BF4B-00C04F79EFBC}") = "OperatorsConditionals", "PracticeCode\1-CSBasic\OperatorsConditionals\OperatorsConditionals.csproj", "{9837B4A3-94D5-4D24-A299-E34E1EAA9200}"
EndProject
Project("{FAE04EC0-301F-11D3-BF4B-00C04F79EFBC}") = "Loop", "PracticeCode\1-CSBasic\Loop\Loop.csproj", "{6A03C483-D9AC-475A-B83D-B96A3FD07236}"
EndProject
Project("{FAE04EC0-301F-11D3-BF4B-00C04F79EFBC}") = "Method", "PracticeCode\1-CSBasic\Method\Method.csproj", "{7EFA610B-DAA3-4970-9117-0D5AAC229102}"
EndProject
Project("{2150E333-8FDC-42A3-9474-1A3956D46DE8}") = "2-CSIntermediate", "2-CSIntermediate", "{C86752A2-C510-1F68-2BF3-0DC9B4D1CF94}"
EndProject
Project("{FAE04EC0-301F-11D3-BF4B-00C04F79EFBC}") = "Models", "PracticeCode\2-CSIntermediate\Models\Models.csproj", "{4CC5590B-9D06-4EC3-B3D2-3AEB42727880}"
EndProject
Project("{FAE04EC0-301F-11D3-BF4B-00C04F79EFBC}") = "EFramework", "PracticeCode\2-CSIntermediate\EFramework\EFramework.csproj", "{AA7809C8-DD5A-477F-A56D-7F6DFB01F631}"
EndProject
Project("{FAE04EC0-301F-11D3-BF4B-00C04F79EFBC}") = "DapperExample", "PracticeCode\2-CSIntermediate\DapperExample\DapperExample.csproj", "{475CBD2B-21D4-4987-9199-A0EE99A3A2E1}"
EndProject
Project("{FAE04EC0-301F-11D3-BF4B-00C04F79EFBC}") = "ConfigExample", "PracticeCode\2-CSIntermediate\ConfigExample\ConfigExample.csproj", "{D1C538C2-A61B-49A4-BCF3-6E9B3396C5F2}"
EndProject
Project("{FAE04EC0-301F-11D3-BF4B-00C04F79EFBC}") = "FileRWExample", "PracticeCode\2-CSIntermediate\FileRWExample\FileRWExample.csproj", "{382297EA-CAA1-4BB5-80A0-67DC39F0E3FA}"
EndProject
Project("{FAE04EC0-301F-11D3-BF4B-00C04F79EFBC}") = "JsonExample", "PracticeCode\2-CSIntermediate\JsonExample\JsonExample.csproj", "{D73AE2E0-4C30-4CE8-8503-D0045FBB9FCD}"
EndProject
Global
	GlobalSection(SolutionConfigurationPlatforms) = preSolution
		Debug|Any CPU = Debug|Any CPU
		Debug|x64 = Debug|x64
		Debug|x86 = Debug|x86
		Release|Any CPU = Release|Any CPU
		Release|x64 = Release|x64
		Release|x86 = Release|x86
	EndGlobalSection
	GlobalSection(ProjectConfigurationPlatforms) = postSolution
		{17EB6D0E-0B48-423E-B68B-85A606294313}.Debug|Any CPU.ActiveCfg = Debug|Any CPU
		{17EB6D0E-0B48-423E-B68B-85A606294313}.Debug|Any CPU.Build.0 = Debug|Any CPU
		{17EB6D0E-0B48-423E-B68B-85A606294313}.Debug|x64.ActiveCfg = Debug|Any CPU
		{17EB6D0E-0B48-423E-B68B-85A606294313}.Debug|x64.Build.0 = Debug|Any CPU
		{17EB6D0E-0B48-423E-B68B-85A606294313}.Debug|x86.ActiveCfg = Debug|Any CPU
		{17EB6D0E-0B48-423E-B68B-85A606294313}.Debug|x86.Build.0 = Debug|Any CPU
		{17EB6D0E-0B48-423E-B68B-85A606294313}.Release|Any CPU.ActiveCfg = Release|Any CPU
		{17EB6D0E-0B48-423E-B68B-85A606294313}.Release|Any CPU.Build.0 = Release|Any CPU
		{17EB6D0E-0B48-423E-B68B-85A606294313}.Release|x64.ActiveCfg = Release|Any CPU
		{17EB6D0E-0B48-423E-B68B-85A606294313}.Release|x64.Build.0 = Release|Any CPU
		{17EB6D0E-0B48-423E-B68B-85A606294313}.Release|x86.ActiveCfg = Release|Any CPU
		{17EB6D0E-0B48-423E-B68B-85A606294313}.Release|x86.Build.0 = Release|Any CPU
		{1BD6675F-A0A6-4EB1-AAE8-43A931248AE4}.Debug|Any CPU.ActiveCfg = Debug|Any CPU
		{1BD6675F-A0A6-4EB1-AAE8-43A931248AE4}.Debug|Any CPU.Build.0 = Debug|Any CPU
		{1BD6675F-A0A6-4EB1-AAE8-43A931248AE4}.Debug|x64.ActiveCfg = Debug|Any CPU
		{1BD6675F-A0A6-4EB1-AAE8-43A931248AE4}.Debug|x64.Build.0 = Debug|Any CPU
		{1BD6675F-A0A6-4EB1-AAE8-43A931248AE4}.Debug|x86.ActiveCfg = Debug|Any CPU
		{1BD6675F-A0A6-4EB1-AAE8-43A931248AE4}.Debug|x86.Build.0 = Debug|Any CPU
		{1BD6675F-A0A6-4EB1-AAE8-43A931248AE4}.Release|Any CPU.ActiveCfg = Release|Any CPU
		{1BD6675F-A0A6-4EB1-AAE8-43A931248AE4}.Release|Any CPU.Build.0 = Release|Any CPU
		{1BD6675F-A0A6-4EB1-AAE8-43A931248AE4}.Release|x64.ActiveCfg = Release|Any CPU
		{1BD6675F-A0A6-4EB1-AAE8-43A931248AE4}.Release|x64.Build.0 = Release|Any CPU
		{1BD6675F-A0A6-4EB1-AAE8-43A931248AE4}.Release|x86.ActiveCfg = Release|Any CPU
		{1BD6675F-A0A6-4EB1-AAE8-43A931248AE4}.Release|x86.Build.0 = Release|Any CPU
		{42A52ABC-5FE6-40DD-90F3-40E8E3A4C871}.Debug|Any CPU.ActiveCfg = Debug|Any CPU
		{42A52ABC-5FE6-40DD-90F3-40E8E3A4C871}.Debug|Any CPU.Build.0 = Debug|Any CPU
		{42A52ABC-5FE6-40DD-90F3-40E8E3A4C871}.Debug|x64.ActiveCfg = Debug|Any CPU
		{42A52ABC-5FE6-40DD-90F3-40E8E3A4C871}.Debug|x64.Build.0 = Debug|Any CPU
		{42A52ABC-5FE6-40DD-90F3-40E8E3A4C871}.Debug|x86.ActiveCfg = Debug|Any CPU
		{42A52ABC-5FE6-40DD-90F3-40E8E3A4C871}.Debug|x86.Build.0 = Debug|Any CPU
		{42A52ABC-5FE6-40DD-90F3-40E8E3A4C871}.Release|Any CPU.ActiveCfg = Release|Any CPU
		{42A52ABC-5FE6-40DD-90F3-40E8E3A4C871}.Release|Any CPU.Build.0 = Release|Any CPU
		{42A52ABC-5FE6-40DD-90F3-40E8E3A4C871}.Release|x64.ActiveCfg = Release|Any CPU
		{42A52ABC-5FE6-40DD-90F3-40E8E3A4C871}.Release|x64.Build.0 = Release|Any CPU
		{42A52ABC-5FE6-40DD-90F3-40E8E3A4C871}.Release|x86.ActiveCfg = Release|Any CPU
		{42A52ABC-5FE6-40DD-90F3-40E8E3A4C871}.Release|x86.Build.0 = Release|Any CPU
		{9837B4A3-94D5-4D24-A299-E34E1EAA9200}.Debug|Any CPU.ActiveCfg = Debug|Any CPU
		{9837B4A3-94D5-4D24-A299-E34E1EAA9200}.Debug|Any CPU.Build.0 = Debug|Any CPU
		{9837B4A3-94D5-4D24-A299-E34E1EAA9200}.Debug|x64.ActiveCfg = Debug|Any CPU
		{9837B4A3-94D5-4D24-A299-E34E1EAA9200}.Debug|x64.Build.0 = Debug|Any CPU
		{9837B4A3-94D5-4D24-A299-E34E1EAA9200}.Debug|x86.ActiveCfg = Debug|Any CPU
		{9837B4A3-94D5-4D24-A299-E34E1EAA9200}.Debug|x86.Build.0 = Debug|Any CPU
		{9837B4A3-94D5-4D24-A299-E34E1EAA9200}.Release|Any CPU.ActiveCfg = Release|Any CPU
		{9837B4A3-94D5-4D24-A299-E34E1EAA9200}.Release|Any CPU.Build.0 = Release|Any CPU
		{9837B4A3-94D5-4D24-A299-E34E1EAA9200}.Release|x64.ActiveCfg = Release|Any CPU
		{9837B4A3-94D5-4D24-A299-E34E1EAA9200}.Release|x64.Build.0 = Release|Any CPU
		{9837B4A3-94D5-4D24-A299-E34E1EAA9200}.Release|x86.ActiveCfg = Release|Any CPU
		{9837B4A3-94D5-4D24-A299-E34E1EAA9200}.Release|x86.Build.0 = Release|Any CPU
		{6A03C483-D9AC-475A-B83D-B96A3FD07236}.Debug|Any CPU.ActiveCfg = Debug|Any CPU
		{6A03C483-D9AC-475A-B83D-B96A3FD07236}.Debug|Any CPU.Build.0 = Debug|Any CPU
		{6A03C483-D9AC-475A-B83D-B96A3FD07236}.Debug|x64.ActiveCfg = Debug|Any CPU
		{6A03C483-D9AC-475A-B83D-B96A3FD07236}.Debug|x64.Build.0 = Debug|Any CPU
		{6A03C483-D9AC-475A-B83D-B96A3FD07236}.Debug|x86.ActiveCfg = Debug|Any CPU
		{6A03C483-D9AC-475A-B83D-B96A3FD07236}.Debug|x86.Build.0 = Debug|Any CPU
		{6A03C483-D9AC-475A-B83D-B96A3FD07236}.Release|Any CPU.ActiveCfg = Release|Any CPU
		{6A03C483-D9AC-475A-B83D-B96A3FD07236}.Release|Any CPU.Build.0 = Release|Any CPU
		{6A03C483-D9AC-475A-B83D-B96A3FD07236}.Release|x64.ActiveCfg = Release|Any CPU
		{6A03C483-D9AC-475A-B83D-B96A3FD07236}.Release|x64.Build.0 = Release|Any CPU
		{6A03C483-D9AC-475A-B83D-B96A3FD07236}.Release|x86.ActiveCfg = Release|Any CPU
		{6A03C483-D9AC-475A-B83D-B96A3FD07236}.Release|x86.Build.0 = Release|Any CPU
		{7EFA610B-DAA3-4970-9117-0D5AAC229102}.Debug|Any CPU.ActiveCfg = Debug|Any CPU
		{7EFA610B-DAA3-4970-9117-0D5AAC229102}.Debug|Any CPU.Build.0 = Debug|Any CPU
		{7EFA610B-DAA3-4970-9117-0D5AAC229102}.Debug|x64.ActiveCfg = Debug|Any CPU
		{7EFA610B-DAA3-4970-9117-0D5AAC229102}.Debug|x64.Build.0 = Debug|Any CPU
		{7EFA610B-DAA3-4970-9117-0D5AAC229102}.Debug|x86.ActiveCfg = Debug|Any CPU
		{7EFA610B-DAA3-4970-9117-0D5AAC229102}.Debug|x86.Build.0 = Debug|Any CPU
		{7EFA610B-DAA3-4970-9117-0D5AAC229102}.Release|Any CPU.ActiveCfg = Release|Any CPU
		{7EFA610B-DAA3-4970-9117-0D5AAC229102}.Release|Any CPU.Build.0 = Release|Any CPU
		{7EFA610B-DAA3-4970-9117-0D5AAC229102}.Release|x64.ActiveCfg = Release|Any CPU
		{7EFA610B-DAA3-4970-9117-0D5AAC229102}.Release|x64.Build.0 = Release|Any CPU
		{7EFA610B-DAA3-4970-9117-0D5AAC229102}.Release|x86.ActiveCfg = Release|Any CPU
		{7EFA610B-DAA3-4970-9117-0D5AAC229102}.Release|x86.Build.0 = Release|Any CPU
		{4CC5590B-9D06-4EC3-B3D2-3AEB42727880}.Debug|Any CPU.ActiveCfg = Debug|Any CPU
		{4CC5590B-9D06-4EC3-B3D2-3AEB42727880}.Debug|Any CPU.Build.0 = Debug|Any CPU
		{4CC5590B-9D06-4EC3-B3D2-3AEB42727880}.Debug|x64.ActiveCfg = Debug|Any CPU
		{4CC5590B-9D06-4EC3-B3D2-3AEB42727880}.Debug|x64.Build.0 = Debug|Any CPU
		{4CC5590B-9D06-4EC3-B3D2-3AEB42727880}.Debug|x86.ActiveCfg = Debug|Any CPU
		{4CC5590B-9D06-4EC3-B3D2-3AEB42727880}.Debug|x86.Build.0 = Debug|Any CPU
		{4CC5590B-9D06-4EC3-B3D2-3AEB42727880}.Release|Any CPU.ActiveCfg = Release|Any CPU
		{4CC5590B-9D06-4EC3-B3D2-3AEB42727880}.Release|Any CPU.Build.0 = Release|Any CPU
		{4CC5590B-9D06-4EC3-B3D2-3AEB42727880}.Release|x64.ActiveCfg = Release|Any CPU
		{4CC5590B-9D06-4EC3-B3D2-3AEB42727880}.Release|x64.Build.0 = Release|Any CPU
		{4CC5590B-9D06-4EC3-B3D2-3AEB42727880}.Release|x86.ActiveCfg = Release|Any CPU
		{4CC5590B-9D06-4EC3-B3D2-3AEB42727880}.Release|x86.Build.0 = Release|Any CPU
		{AA7809C8-DD5A-477F-A56D-7F6DFB01F631}.Debug|Any CPU.ActiveCfg = Debug|Any CPU
		{AA7809C8-DD5A-477F-A56D-7F6DFB01F631}.Debug|Any CPU.Build.0 = Debug|Any CPU
		{AA7809C8-DD5A-477F-A56D-7F6DFB01F631}.Debug|x64.ActiveCfg = Debug|Any CPU
		{AA7809C8-DD5A-477F-A56D-7F6DFB01F631}.Debug|x64.Build.0 = Debug|Any CPU
		{AA7809C8-DD5A-477F-A56D-7F6DFB01F631}.Debug|x86.ActiveCfg = Debug|Any CPU
		{AA7809C8-DD5A-477F-A56D-7F6DFB01F631}.Debug|x86.Build.0 = Debug|Any CPU
		{AA7809C8-DD5A-477F-A56D-7F6DFB01F631}.Release|Any CPU.ActiveCfg = Release|Any CPU
		{AA7809C8-DD5A-477F-A56D-7F6DFB01F631}.Release|Any CPU.Build.0 = Release|Any CPU
		{AA7809C8-DD5A-477F-A56D-7F6DFB01F631}.Release|x64.ActiveCfg = Release|Any CPU
		{AA7809C8-DD5A-477F-A56D-7F6DFB01F631}.Release|x64.Build.0 = Release|Any CPU
		{AA7809C8-DD5A-477F-A56D-7F6DFB01F631}.Release|x86.ActiveCfg = Release|Any CPU
		{AA7809C8-DD5A-477F-A56D-7F6DFB01F631}.Release|x86.Build.0 = Release|Any CPU
		{475CBD2B-21D4-4987-9199-A0EE99A3A2E1}.Debug|Any CPU.ActiveCfg = Debug|Any CPU
		{475CBD2B-21D4-4987-9199-A0EE99A3A2E1}.Debug|Any CPU.Build.0 = Debug|Any CPU
		{475CBD2B-21D4-4987-9199-A0EE99A3A2E1}.Debug|x64.ActiveCfg = Debug|Any CPU
		{475CBD2B-21D4-4987-9199-A0EE99A3A2E1}.Debug|x64.Build.0 = Debug|Any CPU
		{475CBD2B-21D4-4987-9199-A0EE99A3A2E1}.Debug|x86.ActiveCfg = Debug|Any CPU
		{475CBD2B-21D4-4987-9199-A0EE99A3A2E1}.Debug|x86.Build.0 = Debug|Any CPU
		{475CBD2B-21D4-4987-9199-A0EE99A3A2E1}.Release|Any CPU.ActiveCfg = Release|Any CPU
		{475CBD2B-21D4-4987-9199-A0EE99A3A2E1}.Release|Any CPU.Build.0 = Release|Any CPU
		{475CBD2B-21D4-4987-9199-A0EE99A3A2E1}.Release|x64.ActiveCfg = Release|Any CPU
		{475CBD2B-21D4-4987-9199-A0EE99A3A2E1}.Release|x64.Build.0 = Release|Any CPU
		{475CBD2B-21D4-4987-9199-A0EE99A3A2E1}.Release|x86.ActiveCfg = Release|Any CPU
		{475CBD2B-21D4-4987-9199-A0EE99A3A2E1}.Release|x86.Build.0 = Release|Any CPU
		{D1C538C2-A61B-49A4-BCF3-6E9B3396C5F2}.Debug|Any CPU.ActiveCfg = Debug|Any CPU
		{D1C538C2-A61B-49A4-BCF3-6E9B3396C5F2}.Debug|Any CPU.Build.0 = Debug|Any CPU
		{D1C538C2-A61B-49A4-BCF3-6E9B3396C5F2}.Debug|x64.ActiveCfg = Debug|Any CPU
		{D1C538C2-A61B-49A4-BCF3-6E9B3396C5F2}.Debug|x64.Build.0 = Debug|Any CPU
		{D1C538C2-A61B-49A4-BCF3-6E9B3396C5F2}.Debug|x86.ActiveCfg = Debug|Any CPU
		{D1C538C2-A61B-49A4-BCF3-6E9B3396C5F2}.Debug|x86.Build.0 = Debug|Any CPU
		{D1C538C2-A61B-49A4-BCF3-6E9B3396C5F2}.Release|Any CPU.ActiveCfg = Release|Any CPU
		{D1C538C2-A61B-49A4-BCF3-6E9B3396C5F2}.Release|Any CPU.Build.0 = Release|Any CPU
		{D1C538C2-A61B-49A4-BCF3-6E9B3396C5F2}.Release|x64.ActiveCfg = Release|Any CPU
		{D1C538C2-A61B-49A4-BCF3-6E9B3396C5F2}.Release|x64.Build.0 = Release|Any CPU
		{D1C538C2-A61B-49A4-BCF3-6E9B3396C5F2}.Release|x86.ActiveCfg = Release|Any CPU
		{D1C538C2-A61B-49A4-BCF3-6E9B3396C5F2}.Release|x86.Build.0 = Release|Any CPU
		{382297EA-CAA1-4BB5-80A0-67DC39F0E3FA}.Debug|Any CPU.ActiveCfg = Debug|Any CPU
		{382297EA-CAA1-4BB5-80A0-67DC39F0E3FA}.Debug|Any CPU.Build.0 = Debug|Any CPU
		{382297EA-CAA1-4BB5-80A0-67DC39F0E3FA}.Debug|x64.ActiveCfg = Debug|Any CPU
		{382297EA-CAA1-4BB5-80A0-67DC39F0E3FA}.Debug|x64.Build.0 = Debug|Any CPU
		{382297EA-CAA1-4BB5-80A0-67DC39F0E3FA}.Debug|x86.ActiveCfg = Debug|Any CPU
		{382297EA-CAA1-4BB5-80A0-67DC39F0E3FA}.Debug|x86.Build.0 = Debug|Any CPU
		{382297EA-CAA1-4BB5-80A0-67DC39F0E3FA}.Release|Any CPU.ActiveCfg = Release|Any CPU
		{382297EA-CAA1-4BB5-80A0-67DC39F0E3FA}.Release|Any CPU.Build.0 = Release|Any CPU
		{382297EA-CAA1-4BB5-80A0-67DC39F0E3FA}.Release|x64.ActiveCfg = Release|Any CPU
		{382297EA-CAA1-4BB5-80A0-67DC39F0E3FA}.Release|x64.Build.0 = Release|Any CPU
		{382297EA-CAA1-4BB5-80A0-67DC39F0E3FA}.Release|x86.ActiveCfg = Release|Any CPU
		{382297EA-CAA1-4BB5-80A0-67DC39F0E3FA}.Release|x86.Build.0 = Release|Any CPU
		{D73AE2E0-4C30-4CE8-8503-D0045FBB9FCD}.Debug|Any CPU.ActiveCfg = Debug|Any CPU
		{D73AE2E0-4C30-4CE8-8503-D0045FBB9FCD}.Debug|Any CPU.Build.0 = Debug|Any CPU
		{D73AE2E0-4C30-4CE8-8503-D0045FBB9FCD}.Debug|x64.ActiveCfg = Debug|Any CPU
		{D73AE2E0-4C30-4CE8-8503-D0045FBB9FCD}.Debug|x64.Build.0 = Debug|Any CPU
		{D73AE2E0-4C30-4CE8-8503-D0045FBB9FCD}.Debug|x86.ActiveCfg = Debug|Any CPU
		{D73AE2E0-4C30-4CE8-8503-D0045FBB9FCD}.Debug|x86.Build.0 = Debug|Any CPU
		{D73AE2E0-4C30-4CE8-8503-D0045FBB9FCD}.Release|Any CPU.ActiveCfg = Release|Any CPU
		{D73AE2E0-4C30-4CE8-8503-D0045FBB9FCD}.Release|Any CPU.Build.0 = Release|Any CPU
		{D73AE2E0-4C30-4CE8-8503-D0045FBB9FCD}.Release|x64.ActiveCfg = Release|Any CPU
		{D73AE2E0-4C30-4CE8-8503-D0045FBB9FCD}.Release|x64.Build.0 = Release|Any CPU
		{D73AE2E0-4C30-4CE8-8503-D0045FBB9FCD}.Release|x86.ActiveCfg = Release|Any CPU
		{D73AE2E0-4C30-4CE8-8503-D0045FBB9FCD}.Release|x86.Build.0 = Release|Any CPU
	EndGlobalSection
	GlobalSection(SolutionProperties) = preSolution
		HideSolutionNode = FALSE
	EndGlobalSection
	GlobalSection(NestedProjects) = preSolution
		{9DBB0D62-E3AF-D023-89B5-3F2C5F6723C8} = {CBB67373-7255-0830-2224-0485D8E32BCB}
		{17EB6D0E-0B48-423E-B68B-85A606294313} = {9DBB0D62-E3AF-D023-89B5-3F2C5F6723C8}
		{1BD6675F-A0A6-4EB1-AAE8-43A931248AE4} = {9DBB0D62-E3AF-D023-89B5-3F2C5F6723C8}
		{42A52ABC-5FE6-40DD-90F3-40E8E3A4C871} = {9DBB0D62-E3AF-D023-89B5-3F2C5F6723C8}
		{9837B4A3-94D5-4D24-A299-E34E1EAA9200} = {9DBB0D62-E3AF-D023-89B5-3F2C5F6723C8}
		{6A03C483-D9AC-475A-B83D-B96A3FD07236} = {9DBB0D62-E3AF-D023-89B5-3F2C5F6723C8}
		{7EFA610B-DAA3-4970-9117-0D5AAC229102} = {9DBB0D62-E3AF-D023-89B5-3F2C5F6723C8}
		{C86752A2-C510-1F68-2BF3-0DC9B4D1CF94} = {CBB67373-7255-0830-2224-0485D8E32BCB}
		{4CC5590B-9D06-4EC3-B3D2-3AEB42727880} = {C86752A2-C510-1F68-2BF3-0DC9B4D1CF94}
		{475CBD2B-21D4-4987-9199-A0EE99A3A2E1} = {C86752A2-C510-1F68-2BF3-0DC9B4D1CF94}
		{D1C538C2-A61B-49A4-BCF3-6E9B3396C5F2} = {C86752A2-C510-1F68-2BF3-0DC9B4D1CF94}
		{382297EA-CAA1-4BB5-80A0-67DC39F0E3FA} = {C86752A2-C510-1F68-2BF3-0DC9B4D1CF94}
		{D73AE2E0-4C30-4CE8-8503-D0045FBB9FCD} = {C86752A2-C510-1F68-2BF3-0DC9B4D1CF94}
	EndGlobalSection
EndGlobal
